// !$*UTF8*$!
{
	archiveVersion = 1;
	classes = {
	};
	objectVersion = 48;
	objects = {

/* Begin PBXBuildFile section */
		1424690D230F8D0B008E6987 /* HTQRCodeViewController.swift in Sources */ = {isa = PBXBuildFile; fileRef = 1424690C230F8D0B008E6987 /* HTQRCodeViewController.swift */; };
		1424690F230F8D2C008E6987 /* HTQRErrorViewController.swift in Sources */ = {isa = PBXBuildFile; fileRef = 1424690E230F8D2C008E6987 /* HTQRErrorViewController.swift */; };
		14246911230F8DEA008E6987 /* HTQRCode.swift in Sources */ = {isa = PBXBuildFile; fileRef = 14246910230F8DEA008E6987 /* HTQRCode.swift */; };
		14246913230FB606008E6987 /* tipsSound.mp3 in Resources */ = {isa = PBXBuildFile; fileRef = 14246912230FB606008E6987 /* tipsSound.mp3 */; };
		14246915230FC4EC008E6987 /* HTBaseTableViewController.swift in Sources */ = {isa = PBXBuildFile; fileRef = 14246914230FC4EC008E6987 /* HTBaseTableViewController.swift */; };
		14DB2CE3230E2FD20014F19C /* MineTableViewController.swift in Sources */ = {isa = PBXBuildFile; fileRef = 14DB2CBB230E2FD20014F19C /* MineTableViewController.swift */; };
		14DB2CE4230E2FD20014F19C /* PresentChooseViewController.swift in Sources */ = {isa = PBXBuildFile; fileRef = 14DB2CBC230E2FD20014F19C /* PresentChooseViewController.swift */; };
		14DB2CE5230E2FD20014F19C /* PresentDataModel.swift in Sources */ = {isa = PBXBuildFile; fileRef = 14DB2CBE230E2FD20014F19C /* PresentDataModel.swift */; };
		14DB2CE6230E2FD20014F19C /* CradsModel.swift in Sources */ = {isa = PBXBuildFile; fileRef = 14DB2CBF230E2FD20014F19C /* CradsModel.swift */; };
		14DB2CE7230E2FD20014F19C /* ChooseTypeTableViewCell.swift in Sources */ = {isa = PBXBuildFile; fileRef = 14DB2CC1230E2FD20014F19C /* ChooseTypeTableViewCell.swift */; };
		14DB2CE8230E2FD20014F19C /* TableViewCell.swift in Sources */ = {isa = PBXBuildFile; fileRef = 14DB2CC2230E2FD20014F19C /* TableViewCell.swift */; };
		14DB2CE9230E2FD20014F19C /* ChooseTypeHeaderView.swift in Sources */ = {isa = PBXBuildFile; fileRef = 14DB2CC3230E2FD20014F19C /* ChooseTypeHeaderView.swift */; };
		14DB2CEA230E2FD20014F19C /* TableViewCell.xib in Resources */ = {isa = PBXBuildFile; fileRef = 14DB2CC4230E2FD20014F19C /* TableViewCell.xib */; };
		14DB2CEB230E2FD20014F19C /* HelperClass.swift in Sources */ = {isa = PBXBuildFile; fileRef = 14DB2CC6230E2FD20014F19C /* HelperClass.swift */; };
		14DB2CEC230E2FD20014F19C /* 文档 in Resources */ = {isa = PBXBuildFile; fileRef = 14DB2CC7230E2FD20014F19C /* 文档 */; };
		14DB2CED230E2FD20014F19C /* HTWebViewViewController.swift in Sources */ = {isa = PBXBuildFile; fileRef = 14DB2CC8230E2FD20014F19C /* HTWebViewViewController.swift */; };
		14DB2CEE230E2FD20014F19C /* HTNewsTableViewController.swift in Sources */ = {isa = PBXBuildFile; fileRef = 14DB2CCB230E2FD20014F19C /* HTNewsTableViewController.swift */; };
		14DB2CEF230E2FD20014F19C /* SportsTableViewController.swift in Sources */ = {isa = PBXBuildFile; fileRef = 14DB2CCC230E2FD20014F19C /* SportsTableViewController.swift */; };
		14DB2CF0230E2FD20014F19C /* ViewController.swift in Sources */ = {isa = PBXBuildFile; fileRef = 14DB2CCE230E2FD20014F19C /* ViewController.swift */; };
		14DB2CF1230E2FD20014F19C /* RootTabBarViewController.swift in Sources */ = {isa = PBXBuildFile; fileRef = 14DB2CCF230E2FD20014F19C /* RootTabBarViewController.swift */; };
		14DB2CF2230E2FD20014F19C /* Assets.xcassets in Resources */ = {isa = PBXBuildFile; fileRef = 14DB2CD0230E2FD20014F19C /* Assets.xcassets */; };
		14DB2CF3230E2FD20014F19C /* OCViewController.m in Sources */ = {isa = PBXBuildFile; fileRef = 14DB2CD1230E2FD20014F19C /* OCViewController.m */; };
		14DB2CF4230E2FD20014F19C /* LaunchScreen.storyboard in Resources */ = {isa = PBXBuildFile; fileRef = 14DB2CD2230E2FD20014F19C /* LaunchScreen.storyboard */; };
		14DB2CF5230E2FD20014F19C /* Main.storyboard in Resources */ = {isa = PBXBuildFile; fileRef = 14DB2CD4230E2FD20014F19C /* Main.storyboard */; };
		14DB2CF7230E2FD20014F19C /* HTBaseViewController.swift in Sources */ = {isa = PBXBuildFile; fileRef = 14DB2CD8230E2FD20014F19C /* HTBaseViewController.swift */; };
		14DB2CF8230E2FD20014F19C /* AppDelegate.swift in Sources */ = {isa = PBXBuildFile; fileRef = 14DB2CD9230E2FD20014F19C /* AppDelegate.swift */; };
		14DB2CFA230E2FD20014F19C /* ShopCollectionViewController.swift in Sources */ = {isa = PBXBuildFile; fileRef = 14DB2CDE230E2FD20014F19C /* ShopCollectionViewController.swift */; };
		14DB2CFB230E2FD20014F19C /* GamesTableViewController.swift in Sources */ = {isa = PBXBuildFile; fileRef = 14DB2CE2230E2FD20014F19C /* GamesTableViewController.swift */; };
		14DB2CFD230E31220014F19C /* Accelerate.framework in Frameworks */ = {isa = PBXBuildFile; fileRef = 14DB2CFC230E31220014F19C /* Accelerate.framework */; };
		14DB2CFF230E312A0014F19C /* AssetsLibrary.framework in Frameworks */ = {isa = PBXBuildFile; fileRef = 14DB2CFE230E312A0014F19C /* AssetsLibrary.framework */; };
		14DB2D01230E31310014F19C /* CoreFoundation.framework in Frameworks */ = {isa = PBXBuildFile; fileRef = 14DB2D00230E31310014F19C /* CoreFoundation.framework */; };
		14DB2D03230E313B0014F19C /* CoreGraphics.framework in Frameworks */ = {isa = PBXBuildFile; fileRef = 14DB2D02230E313B0014F19C /* CoreGraphics.framework */; };
		14DB2D05230E31430014F19C /* CoreImage.framework in Frameworks */ = {isa = PBXBuildFile; fileRef = 14DB2D04230E31430014F19C /* CoreImage.framework */; };
		14DB2D07230E314A0014F19C /* CoreText.framework in Frameworks */ = {isa = PBXBuildFile; fileRef = 14DB2D06230E314A0014F19C /* CoreText.framework */; };
		14DB2D09230E31510014F19C /* CoreTelephony.framework in Frameworks */ = {isa = PBXBuildFile; fileRef = 14DB2D08230E31510014F19C /* CoreTelephony.framework */; };
		14DB2D0B230E31590014F19C /* Foundation.framework in Frameworks */ = {isa = PBXBuildFile; fileRef = 14DB2D0A230E31590014F19C /* Foundation.framework */; };
		14DB2D0D230E31610014F19C /* ImageIO.framework in Frameworks */ = {isa = PBXBuildFile; fileRef = 14DB2D0C230E31610014F19C /* ImageIO.framework */; };
		14DB2D0F230E316F0014F19C /* MobileCoreServices.framework in Frameworks */ = {isa = PBXBuildFile; fileRef = 14DB2D0E230E316F0014F19C /* MobileCoreServices.framework */; };
		14DB2D11230E31780014F19C /* QuartzCore.framework in Frameworks */ = {isa = PBXBuildFile; fileRef = 14DB2D10230E31780014F19C /* QuartzCore.framework */; };
		14DB2D13230E317E0014F19C /* SystemConfiguration.framework in Frameworks */ = {isa = PBXBuildFile; fileRef = 14DB2D12230E317E0014F19C /* SystemConfiguration.framework */; };
		14DB2D15230E31850014F19C /* Security.framework in Frameworks */ = {isa = PBXBuildFile; fileRef = 14DB2D14230E31850014F19C /* Security.framework */; };
		14DB2D17230E318C0014F19C /* UIKit.framework in Frameworks */ = {isa = PBXBuildFile; fileRef = 14DB2D16230E318C0014F19C /* UIKit.framework */; };
		7E7F330020DB9D1E00AA02EE /* Podfile in Resources */ = {isa = PBXBuildFile; fileRef = 7E7F32FF20DB9D1D00AA02EE /* Podfile */; };
		7EFC38D220DA2CCE005616D0 /* Default-568h@2x.png in Resources */ = {isa = PBXBuildFile; fileRef = 7EFC38D120DA2CCE005616D0 /* Default-568h@2x.png */; };
		B763FD29657F778BF255C48D /* Pods_SportsLife.framework in Frameworks */ = {isa = PBXBuildFile; fileRef = 533DA9604F19D714F6EF2D3C /* Pods_SportsLife.framework */; };
/* End PBXBuildFile section */

/* Begin PBXFileReference section */
		1424690C230F8D0B008E6987 /* HTQRCodeViewController.swift */ = {isa = PBXFileReference; lastKnownFileType = sourcecode.swift; path = HTQRCodeViewController.swift; sourceTree = "<group>"; };
		1424690E230F8D2C008E6987 /* HTQRErrorViewController.swift */ = {isa = PBXFileReference; lastKnownFileType = sourcecode.swift; path = HTQRErrorViewController.swift; sourceTree = "<group>"; };
		14246910230F8DEA008E6987 /* HTQRCode.swift */ = {isa = PBXFileReference; lastKnownFileType = sourcecode.swift; path = HTQRCode.swift; sourceTree = "<group>"; };
		14246912230FB606008E6987 /* tipsSound.mp3 */ = {isa = PBXFileReference; lastKnownFileType = audio.mp3; path = tipsSound.mp3; sourceTree = "<group>"; };
		14246914230FC4EC008E6987 /* HTBaseTableViewController.swift */ = {isa = PBXFileReference; lastKnownFileType = sourcecode.swift; path = HTBaseTableViewController.swift; sourceTree = "<group>"; };
		14DB2CBB230E2FD20014F19C /* MineTableViewController.swift */ = {isa = PBXFileReference; fileEncoding = 4; lastKnownFileType = sourcecode.swift; path = MineTableViewController.swift; sourceTree = "<group>"; };
		14DB2CBC230E2FD20014F19C /* PresentChooseViewController.swift */ = {isa = PBXFileReference; fileEncoding = 4; lastKnownFileType = sourcecode.swift; path = PresentChooseViewController.swift; sourceTree = "<group>"; };
		14DB2CBE230E2FD20014F19C /* PresentDataModel.swift */ = {isa = PBXFileReference; fileEncoding = 4; lastKnownFileType = sourcecode.swift; path = PresentDataModel.swift; sourceTree = "<group>"; };
		14DB2CBF230E2FD20014F19C /* CradsModel.swift */ = {isa = PBXFileReference; fileEncoding = 4; lastKnownFileType = sourcecode.swift; path = CradsModel.swift; sourceTree = "<group>"; };
		14DB2CC1230E2FD20014F19C /* ChooseTypeTableViewCell.swift */ = {isa = PBXFileReference; fileEncoding = 4; lastKnownFileType = sourcecode.swift; path = ChooseTypeTableViewCell.swift; sourceTree = "<group>"; };
		14DB2CC2230E2FD20014F19C /* TableViewCell.swift */ = {isa = PBXFileReference; fileEncoding = 4; lastKnownFileType = sourcecode.swift; path = TableViewCell.swift; sourceTree = "<group>"; };
		14DB2CC3230E2FD20014F19C /* ChooseTypeHeaderView.swift */ = {isa = PBXFileReference; fileEncoding = 4; lastKnownFileType = sourcecode.swift; path = ChooseTypeHeaderView.swift; sourceTree = "<group>"; };
		14DB2CC4230E2FD20014F19C /* TableViewCell.xib */ = {isa = PBXFileReference; fileEncoding = 4; lastKnownFileType = file.xib; path = TableViewCell.xib; sourceTree = "<group>"; };
		14DB2CC6230E2FD20014F19C /* HelperClass.swift */ = {isa = PBXFileReference; fileEncoding = 4; lastKnownFileType = sourcecode.swift; path = HelperClass.swift; sourceTree = "<group>"; };
		14DB2CC7230E2FD20014F19C /* 文档 */ = {isa = PBXFileReference; fileEncoding = 4; lastKnownFileType = text; path = "文档"; sourceTree = "<group>"; };
		14DB2CC8230E2FD20014F19C /* HTWebViewViewController.swift */ = {isa = PBXFileReference; fileEncoding = 4; lastKnownFileType = sourcecode.swift; path = HTWebViewViewController.swift; sourceTree = "<group>"; };
		14DB2CCB230E2FD20014F19C /* HTNewsTableViewController.swift */ = {isa = PBXFileReference; fileEncoding = 4; lastKnownFileType = sourcecode.swift; path = HTNewsTableViewController.swift; sourceTree = "<group>"; };
		14DB2CCC230E2FD20014F19C /* SportsTableViewController.swift */ = {isa = PBXFileReference; fileEncoding = 4; lastKnownFileType = sourcecode.swift; path = SportsTableViewController.swift; sourceTree = "<group>"; };
		14DB2CCE230E2FD20014F19C /* ViewController.swift */ = {isa = PBXFileReference; fileEncoding = 4; lastKnownFileType = sourcecode.swift; path = ViewController.swift; sourceTree = "<group>"; };
		14DB2CCF230E2FD20014F19C /* RootTabBarViewController.swift */ = {isa = PBXFileReference; fileEncoding = 4; lastKnownFileType = sourcecode.swift; path = RootTabBarViewController.swift; sourceTree = "<group>"; };
		14DB2CD0230E2FD20014F19C /* Assets.xcassets */ = {isa = PBXFileReference; lastKnownFileType = folder.assetcatalog; path = Assets.xcassets; sourceTree = "<group>"; };
		14DB2CD1230E2FD20014F19C /* OCViewController.m */ = {isa = PBXFileReference; fileEncoding = 4; lastKnownFileType = sourcecode.c.objc; path = OCViewController.m; sourceTree = "<group>"; };
		14DB2CD3230E2FD20014F19C /* Base */ = {isa = PBXFileReference; lastKnownFileType = file.storyboard; name = Base; path = Base.lproj/LaunchScreen.storyboard; sourceTree = "<group>"; };
		14DB2CD5230E2FD20014F19C /* Base */ = {isa = PBXFileReference; lastKnownFileType = file.storyboard; name = Base; path = Base.lproj/Main.storyboard; sourceTree = "<group>"; };
		14DB2CD6230E2FD20014F19C /* SportsLife-Bridging-Header.h */ = {isa = PBXFileReference; fileEncoding = 4; lastKnownFileType = sourcecode.c.h; path = "SportsLife-Bridging-Header.h"; sourceTree = "<group>"; };
		14DB2CD8230E2FD20014F19C /* HTBaseViewController.swift */ = {isa = PBXFileReference; fileEncoding = 4; lastKnownFileType = sourcecode.swift; path = HTBaseViewController.swift; sourceTree = "<group>"; };
		14DB2CD9230E2FD20014F19C /* AppDelegate.swift */ = {isa = PBXFileReference; fileEncoding = 4; lastKnownFileType = sourcecode.swift; path = AppDelegate.swift; sourceTree = "<group>"; };
		14DB2CDB230E2FD20014F19C /* OCViewController.h */ = {isa = PBXFileReference; fileEncoding = 4; lastKnownFileType = sourcecode.c.h; path = OCViewController.h; sourceTree = "<group>"; };
		14DB2CDE230E2FD20014F19C /* ShopCollectionViewController.swift */ = {isa = PBXFileReference; fileEncoding = 4; lastKnownFileType = sourcecode.swift; path = ShopCollectionViewController.swift; sourceTree = "<group>"; };
		14DB2CE2230E2FD20014F19C /* GamesTableViewController.swift */ = {isa = PBXFileReference; fileEncoding = 4; lastKnownFileType = sourcecode.swift; path = GamesTableViewController.swift; sourceTree = "<group>"; };
		14DB2CFC230E31220014F19C /* Accelerate.framework */ = {isa = PBXFileReference; lastKnownFileType = wrapper.framework; name = Accelerate.framework; path = System/Library/Frameworks/Accelerate.framework; sourceTree = SDKROOT; };
		14DB2CFE230E312A0014F19C /* AssetsLibrary.framework */ = {isa = PBXFileReference; lastKnownFileType = wrapper.framework; name = AssetsLibrary.framework; path = System/Library/Frameworks/AssetsLibrary.framework; sourceTree = SDKROOT; };
		14DB2D00230E31310014F19C /* CoreFoundation.framework */ = {isa = PBXFileReference; lastKnownFileType = wrapper.framework; name = CoreFoundation.framework; path = System/Library/Frameworks/CoreFoundation.framework; sourceTree = SDKROOT; };
		14DB2D02230E313B0014F19C /* CoreGraphics.framework */ = {isa = PBXFileReference; lastKnownFileType = wrapper.framework; name = CoreGraphics.framework; path = System/Library/Frameworks/CoreGraphics.framework; sourceTree = SDKROOT; };
		14DB2D04230E31430014F19C /* CoreImage.framework */ = {isa = PBXFileReference; lastKnownFileType = wrapper.framework; name = CoreImage.framework; path = System/Library/Frameworks/CoreImage.framework; sourceTree = SDKROOT; };
		14DB2D06230E314A0014F19C /* CoreText.framework */ = {isa = PBXFileReference; lastKnownFileType = wrapper.framework; name = CoreText.framework; path = System/Library/Frameworks/CoreText.framework; sourceTree = SDKROOT; };
		14DB2D08230E31510014F19C /* CoreTelephony.framework */ = {isa = PBXFileReference; lastKnownFileType = wrapper.framework; name = CoreTelephony.framework; path = System/Library/Frameworks/CoreTelephony.framework; sourceTree = SDKROOT; };
		14DB2D0A230E31590014F19C /* Foundation.framework */ = {isa = PBXFileReference; lastKnownFileType = wrapper.framework; name = Foundation.framework; path = System/Library/Frameworks/Foundation.framework; sourceTree = SDKROOT; };
		14DB2D0C230E31610014F19C /* ImageIO.framework */ = {isa = PBXFileReference; lastKnownFileType = wrapper.framework; name = ImageIO.framework; path = System/Library/Frameworks/ImageIO.framework; sourceTree = SDKROOT; };
		14DB2D0E230E316F0014F19C /* MobileCoreServices.framework */ = {isa = PBXFileReference; lastKnownFileType = wrapper.framework; name = MobileCoreServices.framework; path = System/Library/Frameworks/MobileCoreServices.framework; sourceTree = SDKROOT; };
		14DB2D10230E31780014F19C /* QuartzCore.framework */ = {isa = PBXFileReference; lastKnownFileType = wrapper.framework; name = QuartzCore.framework; path = System/Library/Frameworks/QuartzCore.framework; sourceTree = SDKROOT; };
		14DB2D12230E317E0014F19C /* SystemConfiguration.framework */ = {isa = PBXFileReference; lastKnownFileType = wrapper.framework; name = SystemConfiguration.framework; path = System/Library/Frameworks/SystemConfiguration.framework; sourceTree = SDKROOT; };
		14DB2D14230E31850014F19C /* Security.framework */ = {isa = PBXFileReference; lastKnownFileType = wrapper.framework; name = Security.framework; path = System/Library/Frameworks/Security.framework; sourceTree = SDKROOT; };
		14DB2D16230E318C0014F19C /* UIKit.framework */ = {isa = PBXFileReference; lastKnownFileType = wrapper.framework; name = UIKit.framework; path = System/Library/Frameworks/UIKit.framework; sourceTree = SDKROOT; };
		14DB2D1A230E33190014F19C /* Info.plist */ = {isa = PBXFileReference; lastKnownFileType = text.plist.xml; path = Info.plist; sourceTree = "<group>"; };
		533DA9604F19D714F6EF2D3C /* Pods_SportsLife.framework */ = {isa = PBXFileReference; explicitFileType = wrapper.framework; includeInIndex = 0; path = Pods_SportsLife.framework; sourceTree = BUILT_PRODUCTS_DIR; };
		7E7F32FF20DB9D1D00AA02EE /* Podfile */ = {isa = PBXFileReference; fileEncoding = 4; lastKnownFileType = text; path = Podfile; sourceTree = "<group>"; xcLanguageSpecificationIdentifier = xcode.lang.ruby; };
		7EFC389C20DA2884005616D0 /* SportsLife.app */ = {isa = PBXFileReference; explicitFileType = wrapper.application; includeInIndex = 0; path = SportsLife.app; sourceTree = BUILT_PRODUCTS_DIR; };
		7EFC38D120DA2CCE005616D0 /* Default-568h@2x.png */ = {isa = PBXFileReference; lastKnownFileType = image.png; path = "Default-568h@2x.png"; sourceTree = "<group>"; };
		9010FD7F5F87282C8D9FF689 /* Pods-SportsLife.release.xcconfig */ = {isa = PBXFileReference; includeInIndex = 1; lastKnownFileType = text.xcconfig; name = "Pods-SportsLife.release.xcconfig"; path = "Pods/Target Support Files/Pods-SportsLife/Pods-SportsLife.release.xcconfig"; sourceTree = "<group>"; };
		F2A99BEDBCB5F1133A2B86D5 /* Pods-SportsLife.debug.xcconfig */ = {isa = PBXFileReference; includeInIndex = 1; lastKnownFileType = text.xcconfig; name = "Pods-SportsLife.debug.xcconfig"; path = "Pods/Target Support Files/Pods-SportsLife/Pods-SportsLife.debug.xcconfig"; sourceTree = "<group>"; };
/* End PBXFileReference section */

/* Begin PBXFrameworksBuildPhase section */
		7EFC389920DA2884005616D0 /* Frameworks */ = {
			isa = PBXFrameworksBuildPhase;
			buildActionMask = 2147483647;
			files = (
				14DB2D17230E318C0014F19C /* UIKit.framework in Frameworks */,
				14DB2D15230E31850014F19C /* Security.framework in Frameworks */,
				14DB2D13230E317E0014F19C /* SystemConfiguration.framework in Frameworks */,
				14DB2D11230E31780014F19C /* QuartzCore.framework in Frameworks */,
				14DB2D0F230E316F0014F19C /* MobileCoreServices.framework in Frameworks */,
				14DB2D0D230E31610014F19C /* ImageIO.framework in Frameworks */,
				14DB2D0B230E31590014F19C /* Foundation.framework in Frameworks */,
				14DB2D09230E31510014F19C /* CoreTelephony.framework in Frameworks */,
				14DB2D07230E314A0014F19C /* CoreText.framework in Frameworks */,
				14DB2D05230E31430014F19C /* CoreImage.framework in Frameworks */,
				14DB2D03230E313B0014F19C /* CoreGraphics.framework in Frameworks */,
				14DB2D01230E31310014F19C /* CoreFoundation.framework in Frameworks */,
				14DB2CFF230E312A0014F19C /* AssetsLibrary.framework in Frameworks */,
				14DB2CFD230E31220014F19C /* Accelerate.framework in Frameworks */,
				B763FD29657F778BF255C48D /* Pods_SportsLife.framework in Frameworks */,
			);
			runOnlyForDeploymentPostprocessing = 0;
		};
/* End PBXFrameworksBuildPhase section */

/* Begin PBXGroup section */
		1424690B230F8C92008E6987 /* QRCode */ = {
			isa = PBXGroup;
			children = (
				14246912230FB606008E6987 /* tipsSound.mp3 */,
				1424690C230F8D0B008E6987 /* HTQRCodeViewController.swift */,
				1424690E230F8D2C008E6987 /* HTQRErrorViewController.swift */,
				14246910230F8DEA008E6987 /* HTQRCode.swift */,
			);
			path = QRCode;
			sourceTree = "<group>";
		};
		14DB2CB9230E2FD20014F19C /* 个人中心 */ = {
			isa = PBXGroup;
			children = (
				14DB2CBA230E2FD20014F19C /* Controller */,
				14DB2CBD230E2FD20014F19C /* Model */,
				14DB2CC0230E2FD20014F19C /* View */,
			);
			path = "个人中心";
			sourceTree = "<group>";
		};
		14DB2CBA230E2FD20014F19C /* Controller */ = {
			isa = PBXGroup;
			children = (
				14DB2CBB230E2FD20014F19C /* MineTableViewController.swift */,
				14DB2CBC230E2FD20014F19C /* PresentChooseViewController.swift */,
			);
			path = Controller;
			sourceTree = "<group>";
		};
		14DB2CBD230E2FD20014F19C /* Model */ = {
			isa = PBXGroup;
			children = (
				14DB2CBE230E2FD20014F19C /* PresentDataModel.swift */,
				14DB2CBF230E2FD20014F19C /* CradsModel.swift */,
			);
			path = Model;
			sourceTree = "<group>";
		};
		14DB2CC0230E2FD20014F19C /* View */ = {
			isa = PBXGroup;
			children = (
				14DB2CC1230E2FD20014F19C /* ChooseTypeTableViewCell.swift */,
				14DB2CC2230E2FD20014F19C /* TableViewCell.swift */,
				14DB2CC3230E2FD20014F19C /* ChooseTypeHeaderView.swift */,
				14DB2CC4230E2FD20014F19C /* TableViewCell.xib */,
			);
			path = View;
			sourceTree = "<group>";
		};
		14DB2CC5230E2FD20014F19C /* Commons */ = {
			isa = PBXGroup;
			children = (
				1424690B230F8C92008E6987 /* QRCode */,
				14DB2CC6230E2FD20014F19C /* HelperClass.swift */,
				14DB2CC7230E2FD20014F19C /* 文档 */,
				14DB2CC8230E2FD20014F19C /* HTWebViewViewController.swift */,
			);
			path = Commons;
			sourceTree = "<group>";
		};
		14DB2CC9230E2FD20014F19C /* 体育 */ = {
			isa = PBXGroup;
			children = (
				14DB2CCA230E2FD20014F19C /* Controller */,
			);
			path = "体育";
			sourceTree = "<group>";
		};
		14DB2CCA230E2FD20014F19C /* Controller */ = {
			isa = PBXGroup;
			children = (
				14DB2CCB230E2FD20014F19C /* HTNewsTableViewController.swift */,
				14DB2CCC230E2FD20014F19C /* SportsTableViewController.swift */,
			);
			path = Controller;
			sourceTree = "<group>";
		};
		14DB2CCD230E2FD20014F19C /* Other */ = {
			isa = PBXGroup;
			children = (
				14DB2D1A230E33190014F19C /* Info.plist */,
				14DB2CCE230E2FD20014F19C /* ViewController.swift */,
				14DB2CCF230E2FD20014F19C /* RootTabBarViewController.swift */,
				14DB2CD0230E2FD20014F19C /* Assets.xcassets */,
				14DB2CD1230E2FD20014F19C /* OCViewController.m */,
				14DB2CD2230E2FD20014F19C /* LaunchScreen.storyboard */,
				14DB2CD4230E2FD20014F19C /* Main.storyboard */,
				14DB2CD6230E2FD20014F19C /* SportsLife-Bridging-Header.h */,
				14DB2CD8230E2FD20014F19C /* HTBaseViewController.swift */,
				14DB2CD9230E2FD20014F19C /* AppDelegate.swift */,
				14DB2CDB230E2FD20014F19C /* OCViewController.h */,
				14246914230FC4EC008E6987 /* HTBaseTableViewController.swift */,
			);
			path = Other;
			sourceTree = "<group>";
		};
		14DB2CDC230E2FD20014F19C /* 购物 */ = {
			isa = PBXGroup;
			children = (
				14DB2CDD230E2FD20014F19C /* Controller */,
			);
			path = "购物";
			sourceTree = "<group>";
		};
		14DB2CDD230E2FD20014F19C /* Controller */ = {
			isa = PBXGroup;
			children = (
				14DB2CDE230E2FD20014F19C /* ShopCollectionViewController.swift */,
			);
			path = Controller;
			sourceTree = "<group>";
		};
		14DB2CDF230E2FD20014F19C /* Base.lproj */ = {
			isa = PBXGroup;
			children = (
			);
			path = Base.lproj;
			sourceTree = "<group>";
		};
		14DB2CE0230E2FD20014F19C /* 游戏 */ = {
			isa = PBXGroup;
			children = (
				14DB2CE1230E2FD20014F19C /* Controller */,
			);
			path = "游戏";
			sourceTree = "<group>";
		};
		14DB2CE1230E2FD20014F19C /* Controller */ = {
			isa = PBXGroup;
			children = (
				14DB2CE2230E2FD20014F19C /* GamesTableViewController.swift */,
			);
			path = Controller;
			sourceTree = "<group>";
		};
		4EB67C44752F295A0C4B1E3F /* Frameworks */ = {
			isa = PBXGroup;
			children = (
				14DB2D16230E318C0014F19C /* UIKit.framework */,
				14DB2D14230E31850014F19C /* Security.framework */,
				14DB2D12230E317E0014F19C /* SystemConfiguration.framework */,
				14DB2D10230E31780014F19C /* QuartzCore.framework */,
				14DB2D0E230E316F0014F19C /* MobileCoreServices.framework */,
				14DB2D0C230E31610014F19C /* ImageIO.framework */,
				14DB2D0A230E31590014F19C /* Foundation.framework */,
				14DB2D08230E31510014F19C /* CoreTelephony.framework */,
				14DB2D06230E314A0014F19C /* CoreText.framework */,
				14DB2D04230E31430014F19C /* CoreImage.framework */,
				14DB2D02230E313B0014F19C /* CoreGraphics.framework */,
				14DB2D00230E31310014F19C /* CoreFoundation.framework */,
				14DB2CFE230E312A0014F19C /* AssetsLibrary.framework */,
				14DB2CFC230E31220014F19C /* Accelerate.framework */,
				533DA9604F19D714F6EF2D3C /* Pods_SportsLife.framework */,
			);
			name = Frameworks;
			sourceTree = "<group>";
		};
		7AB809E48B907A64C8CD18D5 /* Pods */ = {
			isa = PBXGroup;
			children = (
				F2A99BEDBCB5F1133A2B86D5 /* Pods-SportsLife.debug.xcconfig */,
				9010FD7F5F87282C8D9FF689 /* Pods-SportsLife.release.xcconfig */,
			);
			name = Pods;
			sourceTree = "<group>";
		};
		7EFC389320DA2884005616D0 = {
			isa = PBXGroup;
			children = (
				7E7F32FF20DB9D1D00AA02EE /* Podfile */,
				7EFC38D120DA2CCE005616D0 /* Default-568h@2x.png */,
				7EFC389E20DA2884005616D0 /* SportsLife */,
				7EFC389D20DA2884005616D0 /* Products */,
				7AB809E48B907A64C8CD18D5 /* Pods */,
				4EB67C44752F295A0C4B1E3F /* Frameworks */,
			);
			sourceTree = "<group>";
		};
		7EFC389D20DA2884005616D0 /* Products */ = {
			isa = PBXGroup;
			children = (
				7EFC389C20DA2884005616D0 /* SportsLife.app */,
			);
			name = Products;
			sourceTree = "<group>";
		};
		7EFC389E20DA2884005616D0 /* SportsLife */ = {
			isa = PBXGroup;
			children = (
				14DB2CB9230E2FD20014F19C /* 个人中心 */,
				14DB2CDC230E2FD20014F19C /* 购物 */,
				14DB2CC9230E2FD20014F19C /* 体育 */,
				14DB2CE0230E2FD20014F19C /* 游戏 */,
				14DB2CDF230E2FD20014F19C /* Base.lproj */,
				14DB2CC5230E2FD20014F19C /* Commons */,
				14DB2CCD230E2FD20014F19C /* Other */,
			);
			path = SportsLife;
			sourceTree = "<group>";
		};
/* End PBXGroup section */

/* Begin PBXNativeTarget section */
		7EFC389B20DA2884005616D0 /* SportsLife */ = {
			isa = PBXNativeTarget;
			buildConfigurationList = 7EFC38AE20DA2884005616D0 /* Build configuration list for PBXNativeTarget "SportsLife" */;
			buildPhases = (
				98B538F66ED60B67A1F543CD /* [CP] Check Pods Manifest.lock */,
				7EFC389820DA2884005616D0 /* Sources */,
				7EFC389920DA2884005616D0 /* Frameworks */,
				7EFC389A20DA2884005616D0 /* Resources */,
				0BB994108FD243068EDC2296 /* [CP] Embed Pods Frameworks */,
				76ECF86F8D3C846E274DD33E /* [CP] Copy Pods Resources */,
			);
			buildRules = (
			);
			dependencies = (
			);
			name = SportsLife;
			productName = SportsLife;
			productReference = 7EFC389C20DA2884005616D0 /* SportsLife.app */;
			productType = "com.apple.product-type.application";
		};
/* End PBXNativeTarget section */

/* Begin PBXProject section */
		7EFC389420DA2884005616D0 /* Project object */ = {
			isa = PBXProject;
			attributes = {
				CLASSPREFIX = HT;
				LastSwiftUpdateCheck = 0920;
				LastUpgradeCheck = 0920;
				ORGANIZATIONNAME = west;
				TargetAttributes = {
					7EFC389B20DA2884005616D0 = {
						CreatedOnToolsVersion = 9.2;
						LastSwiftMigration = 0920;
						ProvisioningStyle = Automatic;
					};
				};
			};
			buildConfigurationList = 7EFC389720DA2884005616D0 /* Build configuration list for PBXProject "SportsLife" */;
			compatibilityVersion = "Xcode 8.0";
			developmentRegion = en;
			hasScannedForEncodings = 0;
			knownRegions = (
				en,
				Base,
			);
			mainGroup = 7EFC389320DA2884005616D0;
			productRefGroup = 7EFC389D20DA2884005616D0 /* Products */;
			projectDirPath = "";
			projectRoot = "";
			targets = (
				7EFC389B20DA2884005616D0 /* SportsLife */,
			);
		};
/* End PBXProject section */

/* Begin PBXResourcesBuildPhase section */
		7EFC389A20DA2884005616D0 /* Resources */ = {
			isa = PBXResourcesBuildPhase;
			buildActionMask = 2147483647;
			files = (
				14DB2CF5230E2FD20014F19C /* Main.storyboard in Resources */,
				14DB2CEC230E2FD20014F19C /* 文档 in Resources */,
				7E7F330020DB9D1E00AA02EE /* Podfile in Resources */,
				14DB2CEA230E2FD20014F19C /* TableViewCell.xib in Resources */,
				14246913230FB606008E6987 /* tipsSound.mp3 in Resources */,
				14DB2CF4230E2FD20014F19C /* LaunchScreen.storyboard in Resources */,
				7EFC38D220DA2CCE005616D0 /* Default-568h@2x.png in Resources */,
				14DB2CF2230E2FD20014F19C /* Assets.xcassets in Resources */,
			);
			runOnlyForDeploymentPostprocessing = 0;
		};
/* End PBXResourcesBuildPhase section */

/* Begin PBXShellScriptBuildPhase section */
		0BB994108FD243068EDC2296 /* [CP] Embed Pods Frameworks */ = {
			isa = PBXShellScriptBuildPhase;
			buildActionMask = 2147483647;
			files = (
			);
			inputPaths = (
				"${PODS_ROOT}/Target Support Files/Pods-SportsLife/Pods-SportsLife-frameworks.sh",
				"${BUILT_PRODUCTS_DIR}/AFNetworking/AFNetworking.framework",
				"${BUILT_PRODUCTS_DIR}/FMDB/FMDB.framework",
				"${BUILT_PRODUCTS_DIR}/IQKeyboardManager/IQKeyboardManager.framework",
				"${BUILT_PRODUCTS_DIR}/JSONModel/JSONModel.framework",
				"${BUILT_PRODUCTS_DIR}/MBProgressHUD/MBProgressHUD.framework",
				"${BUILT_PRODUCTS_DIR}/MJRefresh/MJRefresh.framework",
				"${BUILT_PRODUCTS_DIR}/Masonry/Masonry.framework",
				"${BUILT_PRODUCTS_DIR}/RxCocoa/RxCocoa.framework",
				"${BUILT_PRODUCTS_DIR}/RxSwift/RxSwift.framework",
				"${BUILT_PRODUCTS_DIR}/SDWebImage/SDWebImage.framework",
				"${BUILT_PRODUCTS_DIR}/SwiftyJSON/SwiftyJSON.framework",
				"${BUILT_PRODUCTS_DIR}/WMPageController/WMPageController.framework",
				"${BUILT_PRODUCTS_DIR}/YYKit/YYKit.framework",
			);
			name = "[CP] Embed Pods Frameworks";
			outputPaths = (
				"${TARGET_BUILD_DIR}/${FRAMEWORKS_FOLDER_PATH}/AFNetworking.framework",
				"${TARGET_BUILD_DIR}/${FRAMEWORKS_FOLDER_PATH}/FMDB.framework",
				"${TARGET_BUILD_DIR}/${FRAMEWORKS_FOLDER_PATH}/IQKeyboardManager.framework",
				"${TARGET_BUILD_DIR}/${FRAMEWORKS_FOLDER_PATH}/JSONModel.framework",
				"${TARGET_BUILD_DIR}/${FRAMEWORKS_FOLDER_PATH}/MBProgressHUD.framework",
				"${TARGET_BUILD_DIR}/${FRAMEWORKS_FOLDER_PATH}/MJRefresh.framework",
				"${TARGET_BUILD_DIR}/${FRAMEWORKS_FOLDER_PATH}/Masonry.framework",
				"${TARGET_BUILD_DIR}/${FRAMEWORKS_FOLDER_PATH}/RxCocoa.framework",
				"${TARGET_BUILD_DIR}/${FRAMEWORKS_FOLDER_PATH}/RxSwift.framework",
				"${TARGET_BUILD_DIR}/${FRAMEWORKS_FOLDER_PATH}/SDWebImage.framework",
				"${TARGET_BUILD_DIR}/${FRAMEWORKS_FOLDER_PATH}/SwiftyJSON.framework",
				"${TARGET_BUILD_DIR}/${FRAMEWORKS_FOLDER_PATH}/WMPageController.framework",
				"${TARGET_BUILD_DIR}/${FRAMEWORKS_FOLDER_PATH}/YYKit.framework",
			);
			runOnlyForDeploymentPostprocessing = 0;
			shellPath = /bin/sh;
			shellScript = "\"${PODS_ROOT}/Target Support Files/Pods-SportsLife/Pods-SportsLife-frameworks.sh\"\n";
			showEnvVarsInLog = 0;
		};
		76ECF86F8D3C846E274DD33E /* [CP] Copy Pods Resources */ = {
			isa = PBXShellScriptBuildPhase;
			buildActionMask = 2147483647;
			files = (
			);
			inputPaths = (
				"${PODS_ROOT}/Target Support Files/Pods-SportsLife/Pods-SportsLife-resources.sh",
				"${PODS_ROOT}/UMengUShare/UShareSDK/UMSocialSDK/UMSocialSDKPromptResources.bundle",
				"${PODS_ROOT}/UMengUShare/UShareSDK/SocialLibraries/QQ/QQSDK/TencentOpenApi_IOS_Bundle.bundle",
				"${PODS_ROOT}/UMengUShare/UShareSDK/SocialLibraries/Sina/SinaSDK/WeiboSDK.bundle",
				"${PODS_ROOT}/UMengUShare/UShareSDK/UMSocialUI/UMSocialSDKResources.bundle",
				"${PODS_ROOT}/YWFeedbackFMWK/YWFeedbackBundle.bundle",
			);
			name = "[CP] Copy Pods Resources";
			outputPaths = (
				"${TARGET_BUILD_DIR}/${UNLOCALIZED_RESOURCES_FOLDER_PATH}/UMSocialSDKPromptResources.bundle",
				"${TARGET_BUILD_DIR}/${UNLOCALIZED_RESOURCES_FOLDER_PATH}/TencentOpenApi_IOS_Bundle.bundle",
				"${TARGET_BUILD_DIR}/${UNLOCALIZED_RESOURCES_FOLDER_PATH}/WeiboSDK.bundle",
				"${TARGET_BUILD_DIR}/${UNLOCALIZED_RESOURCES_FOLDER_PATH}/UMSocialSDKResources.bundle",
				"${TARGET_BUILD_DIR}/${UNLOCALIZED_RESOURCES_FOLDER_PATH}/YWFeedbackBundle.bundle",
			);
			runOnlyForDeploymentPostprocessing = 0;
			shellPath = /bin/sh;
			shellScript = "\"${PODS_ROOT}/Target Support Files/Pods-SportsLife/Pods-SportsLife-resources.sh\"\n";
			showEnvVarsInLog = 0;
		};
		98B538F66ED60B67A1F543CD /* [CP] Check Pods Manifest.lock */ = {
			isa = PBXShellScriptBuildPhase;
			buildActionMask = 2147483647;
			files = (
			);
			inputPaths = (
				"${PODS_PODFILE_DIR_PATH}/Podfile.lock",
				"${PODS_ROOT}/Manifest.lock",
			);
			name = "[CP] Check Pods Manifest.lock";
			outputPaths = (
				"$(DERIVED_FILE_DIR)/Pods-SportsLife-checkManifestLockResult.txt",
			);
			runOnlyForDeploymentPostprocessing = 0;
			shellPath = /bin/sh;
			shellScript = "diff \"${PODS_PODFILE_DIR_PATH}/Podfile.lock\" \"${PODS_ROOT}/Manifest.lock\" > /dev/null\nif [ $? != 0 ] ; then\n    # print error to STDERR\n    echo \"error: The sandbox is not in sync with the Podfile.lock. Run 'pod install' or update your CocoaPods installation.\" >&2\n    exit 1\nfi\n# This output is used by Xcode 'outputs' to avoid re-running this script phase.\necho \"SUCCESS\" > \"${SCRIPT_OUTPUT_FILE_0}\"\n";
			showEnvVarsInLog = 0;
		};
/* End PBXShellScriptBuildPhase section */

/* Begin PBXSourcesBuildPhase section */
		7EFC389820DA2884005616D0 /* Sources */ = {
			isa = PBXSourcesBuildPhase;
			buildActionMask = 2147483647;
			files = (
				14DB2CE3230E2FD20014F19C /* MineTableViewController.swift in Sources */,
				14DB2CE9230E2FD20014F19C /* ChooseTypeHeaderView.swift in Sources */,
				14DB2CF3230E2FD20014F19C /* OCViewController.m in Sources */,
				14DB2CEB230E2FD20014F19C /* HelperClass.swift in Sources */,
				1424690D230F8D0B008E6987 /* HTQRCodeViewController.swift in Sources */,
				14DB2CFB230E2FD20014F19C /* GamesTableViewController.swift in Sources */,
				14246915230FC4EC008E6987 /* HTBaseTableViewController.swift in Sources */,
				14DB2CE6230E2FD20014F19C /* CradsModel.swift in Sources */,
				14DB2CFA230E2FD20014F19C /* ShopCollectionViewController.swift in Sources */,
				14DB2CED230E2FD20014F19C /* HTWebViewViewController.swift in Sources */,
				14DB2CE7230E2FD20014F19C /* ChooseTypeTableViewCell.swift in Sources */,
				14DB2CF0230E2FD20014F19C /* ViewController.swift in Sources */,
				14DB2CE8230E2FD20014F19C /* TableViewCell.swift in Sources */,
				14DB2CE5230E2FD20014F19C /* PresentDataModel.swift in Sources */,
				14DB2CF7230E2FD20014F19C /* HTBaseViewController.swift in Sources */,
				14DB2CEE230E2FD20014F19C /* HTNewsTableViewController.swift in Sources */,
				14DB2CE4230E2FD20014F19C /* PresentChooseViewController.swift in Sources */,
				14246911230F8DEA008E6987 /* HTQRCode.swift in Sources */,
				14DB2CEF230E2FD20014F19C /* SportsTableViewController.swift in Sources */,
				14DB2CF8230E2FD20014F19C /* AppDelegate.swift in Sources */,
				1424690F230F8D2C008E6987 /* HTQRErrorViewController.swift in Sources */,
				14DB2CF1230E2FD20014F19C /* RootTabBarViewController.swift in Sources */,
			);
			runOnlyForDeploymentPostprocessing = 0;
		};
/* End PBXSourcesBuildPhase section */

/* Begin PBXVariantGroup section */
		14DB2CD2230E2FD20014F19C /* LaunchScreen.storyboard */ = {
			isa = PBXVariantGroup;
			children = (
				14DB2CD3230E2FD20014F19C /* Base */,
			);
			name = LaunchScreen.storyboard;
			sourceTree = "<group>";
		};
		14DB2CD4230E2FD20014F19C /* Main.storyboard */ = {
			isa = PBXVariantGroup;
			children = (
				14DB2CD5230E2FD20014F19C /* Base */,
			);
			name = Main.storyboard;
			sourceTree = "<group>";
		};
/* End PBXVariantGroup section */

/* Begin XCBuildConfiguration section */
		7EFC38AC20DA2884005616D0 /* Debug */ = {
			isa = XCBuildConfiguration;
			buildSettings = {
				ALWAYS_SEARCH_USER_PATHS = NO;
				CLANG_ANALYZER_NONNULL = YES;
				CLANG_ANALYZER_NUMBER_OBJECT_CONVERSION = YES_AGGRESSIVE;
				CLANG_CXX_LANGUAGE_STANDARD = "gnu++14";
				CLANG_CXX_LIBRARY = "libc++";
				CLANG_ENABLE_MODULES = YES;
				CLANG_ENABLE_OBJC_ARC = YES;
				CLANG_WARN_BLOCK_CAPTURE_AUTORELEASING = YES;
				CLANG_WARN_BOOL_CONVERSION = YES;
				CLANG_WARN_COMMA = YES;
				CLANG_WARN_CONSTANT_CONVERSION = YES;
				CLANG_WARN_DIRECT_OBJC_ISA_USAGE = YES_ERROR;
				CLANG_WARN_DOCUMENTATION_COMMENTS = YES;
				CLANG_WARN_EMPTY_BODY = YES;
				CLANG_WARN_ENUM_CONVERSION = YES;
				CLANG_WARN_INFINITE_RECURSION = YES;
				CLANG_WARN_INT_CONVERSION = YES;
				CLANG_WARN_NON_LITERAL_NULL_CONVERSION = YES;
				CLANG_WARN_OBJC_LITERAL_CONVERSION = YES;
				CLANG_WARN_OBJC_ROOT_CLASS = YES_ERROR;
				CLANG_WARN_RANGE_LOOP_ANALYSIS = YES;
				CLANG_WARN_STRICT_PROTOTYPES = YES;
				CLANG_WARN_SUSPICIOUS_MOVE = YES;
				CLANG_WARN_UNGUARDED_AVAILABILITY = YES_AGGRESSIVE;
				CLANG_WARN_UNREACHABLE_CODE = YES;
				CLANG_WARN__DUPLICATE_METHOD_MATCH = YES;
				CODE_SIGN_IDENTITY = "iPhone Developer";
				COPY_PHASE_STRIP = NO;
				DEBUG_INFORMATION_FORMAT = dwarf;
				ENABLE_STRICT_OBJC_MSGSEND = YES;
				ENABLE_TESTABILITY = YES;
				GCC_C_LANGUAGE_STANDARD = gnu11;
				GCC_DYNAMIC_NO_PIC = NO;
				GCC_NO_COMMON_BLOCKS = YES;
				GCC_OPTIMIZATION_LEVEL = 0;
				GCC_PREPROCESSOR_DEFINITIONS = (
					"DEBUG=1",
					"$(inherited)",
				);
				GCC_WARN_64_TO_32_BIT_CONVERSION = YES;
				GCC_WARN_ABOUT_RETURN_TYPE = YES_ERROR;
				GCC_WARN_UNDECLARED_SELECTOR = YES;
				GCC_WARN_UNINITIALIZED_AUTOS = YES_AGGRESSIVE;
				GCC_WARN_UNUSED_FUNCTION = YES;
				GCC_WARN_UNUSED_VARIABLE = YES;
				IPHONEOS_DEPLOYMENT_TARGET = 11.2;
				MTL_ENABLE_DEBUG_INFO = YES;
				ONLY_ACTIVE_ARCH = YES;
				SDKROOT = iphoneos;
				SWIFT_ACTIVE_COMPILATION_CONDITIONS = DEBUG;
				SWIFT_OPTIMIZATION_LEVEL = "-Onone";
			};
			name = Debug;
		};
		7EFC38AD20DA2884005616D0 /* Release */ = {
			isa = XCBuildConfiguration;
			buildSettings = {
				ALWAYS_SEARCH_USER_PATHS = NO;
				CLANG_ANALYZER_NONNULL = YES;
				CLANG_ANALYZER_NUMBER_OBJECT_CONVERSION = YES_AGGRESSIVE;
				CLANG_CXX_LANGUAGE_STANDARD = "gnu++14";
				CLANG_CXX_LIBRARY = "libc++";
				CLANG_ENABLE_MODULES = YES;
				CLANG_ENABLE_OBJC_ARC = YES;
				CLANG_WARN_BLOCK_CAPTURE_AUTORELEASING = YES;
				CLANG_WARN_BOOL_CONVERSION = YES;
				CLANG_WARN_COMMA = YES;
				CLANG_WARN_CONSTANT_CONVERSION = YES;
				CLANG_WARN_DIRECT_OBJC_ISA_USAGE = YES_ERROR;
				CLANG_WARN_DOCUMENTATION_COMMENTS = YES;
				CLANG_WARN_EMPTY_BODY = YES;
				CLANG_WARN_ENUM_CONVERSION = YES;
				CLANG_WARN_INFINITE_RECURSION = YES;
				CLANG_WARN_INT_CONVERSION = YES;
				CLANG_WARN_NON_LITERAL_NULL_CONVERSION = YES;
				CLANG_WARN_OBJC_LITERAL_CONVERSION = YES;
				CLANG_WARN_OBJC_ROOT_CLASS = YES_ERROR;
				CLANG_WARN_RANGE_LOOP_ANALYSIS = YES;
				CLANG_WARN_STRICT_PROTOTYPES = YES;
				CLANG_WARN_SUSPICIOUS_MOVE = YES;
				CLANG_WARN_UNGUARDED_AVAILABILITY = YES_AGGRESSIVE;
				CLANG_WARN_UNREACHABLE_CODE = YES;
				CLANG_WARN__DUPLICATE_METHOD_MATCH = YES;
				CODE_SIGN_IDENTITY = "iPhone Developer";
				COPY_PHASE_STRIP = NO;
				DEBUG_INFORMATION_FORMAT = "dwarf-with-dsym";
				ENABLE_NS_ASSERTIONS = NO;
				ENABLE_STRICT_OBJC_MSGSEND = YES;
				GCC_C_LANGUAGE_STANDARD = gnu11;
				GCC_NO_COMMON_BLOCKS = YES;
				GCC_WARN_64_TO_32_BIT_CONVERSION = YES;
				GCC_WARN_ABOUT_RETURN_TYPE = YES_ERROR;
				GCC_WARN_UNDECLARED_SELECTOR = YES;
				GCC_WARN_UNINITIALIZED_AUTOS = YES_AGGRESSIVE;
				GCC_WARN_UNUSED_FUNCTION = YES;
				GCC_WARN_UNUSED_VARIABLE = YES;
				IPHONEOS_DEPLOYMENT_TARGET = 11.2;
				MTL_ENABLE_DEBUG_INFO = NO;
				SDKROOT = iphoneos;
				SWIFT_OPTIMIZATION_LEVEL = "-Owholemodule";
				VALIDATE_PRODUCT = YES;
			};
			name = Release;
		};
		7EFC38AF20DA2884005616D0 /* Debug */ = {
			isa = XCBuildConfiguration;
			baseConfigurationReference = F2A99BEDBCB5F1133A2B86D5 /* Pods-SportsLife.debug.xcconfig */;
			buildSettings = {
				ASSETCATALOG_COMPILER_APPICON_NAME = AppIcon;
				CLANG_ENABLE_MODULES = YES;
				CODE_SIGN_STYLE = Automatic;
				DEVELOPMENT_TEAM = 8NC9AT93C5;
				INFOPLIST_FILE = "$(SRCROOT)/SportsLife/Other/Info.plist";
				IPHONEOS_DEPLOYMENT_TARGET = 9.0;
				LD_RUNPATH_SEARCH_PATHS = "$(inherited) @executable_path/Frameworks";
				PRODUCT_BUNDLE_IDENTIFIER = com.west.SportsLife;
				PRODUCT_NAME = "$(TARGET_NAME)";
				SWIFT_OBJC_BRIDGING_HEADER = "$(SRCROOT)/SportsLife/Other/SportsLife-Bridging-Header.h";
				SWIFT_OPTIMIZATION_LEVEL = "-Onone";
				SWIFT_VERSION = 4.2;
				TARGETED_DEVICE_FAMILY = "1,2";
			};
			name = Debug;
		};
		7EFC38B020DA2884005616D0 /* Release */ = {
			isa = XCBuildConfiguration;
			baseConfigurationReference = 9010FD7F5F87282C8D9FF689 /* Pods-SportsLife.release.xcconfig */;
			buildSettings = {
				ASSETCATALOG_COMPILER_APPICON_NAME = AppIcon;
				CLANG_ENABLE_MODULES = YES;
				CODE_SIGN_STYLE = Automatic;
				DEVELOPMENT_TEAM = 8NC9AT93C5;
				INFOPLIST_FILE = "$(SRCROOT)/SportsLife/Other/Info.plist";
				IPHONEOS_DEPLOYMENT_TARGET = 9.0;
				LD_RUNPATH_SEARCH_PATHS = "$(inherited) @executable_path/Frameworks";
				PRODUCT_BUNDLE_IDENTIFIER = com.west.SportsLife;
				PRODUCT_NAME = "$(TARGET_NAME)";
				SWIFT_OBJC_BRIDGING_HEADER = "$(SRCROOT)/SportsLife/Other/SportsLife-Bridging-Header.h";
				SWIFT_VERSION = 4.2;
				TARGETED_DEVICE_FAMILY = "1,2";
			};
			name = Release;
		};
/* End XCBuildConfiguration section */

/* Begin XCConfigurationList section */
		7EFC389720DA2884005616D0 /* Build configuration list for PBXProject "SportsLife" */ = {
			isa = XCConfigurationList;
			buildConfigurations = (
				7EFC38AC20DA2884005616D0 /* Debug */,
				7EFC38AD20DA2884005616D0 /* Release */,
			);
			defaultConfigurationIsVisible = 0;
			defaultConfigurationName = Release;
		};
		7EFC38AE20DA2884005616D0 /* Build configuration list for PBXNativeTarget "SportsLife" */ = {
			isa = XCConfigurationList;
			buildConfigurations = (
				7EFC38AF20DA2884005616D0 /* Debug */,
				7EFC38B020DA2884005616D0 /* Release */,
			);
			defaultConfigurationIsVisible = 0;
			defaultConfigurationName = Release;
		};
/* End XCConfigurationList section */
	};
	rootObject = 7EFC389420DA2884005616D0 /* Project object */;
}
