// !$*UTF8*$!
{
	archiveVersion = 1;
	classes = {
	};
	objectVersion = 48;
	objects = {

/* Begin PBXBuildFile section */
		14022711231D0004006B0063 /* YTBubbleView.swift in Sources */ = {isa = PBXBuildFile; fileRef = 14022710231D0004006B0063 /* YTBubbleView.swift */; };
		14022713231E00C5006B0063 /* HTRankViewController.swift in Sources */ = {isa = PBXBuildFile; fileRef = 14022712231E00C5006B0063 /* HTRankViewController.swift */; };
		14022717231E367F006B0063 /* HTNODataView.swift in Sources */ = {isa = PBXBuildFile; fileRef = 14022716231E367F006B0063 /* HTNODataView.swift */; };
		14022719231E4486006B0063 /* HTBaseVideoViewController.swift in Sources */ = {isa = PBXBuildFile; fileRef = 14022718231E4486006B0063 /* HTBaseVideoViewController.swift */; };
		1402271B231E450E006B0063 /* HTVideoViewController.swift in Sources */ = {isa = PBXBuildFile; fileRef = 1402271A231E450E006B0063 /* HTVideoViewController.swift */; };
		1402271E231E4582006B0063 /* HTVideoModel.swift in Sources */ = {isa = PBXBuildFile; fileRef = 1402271D231E4582006B0063 /* HTVideoModel.swift */; };
		14022721231E4BB4006B0063 /* HTVideoTableViewCell.swift in Sources */ = {isa = PBXBuildFile; fileRef = 14022720231E4BB4006B0063 /* HTVideoTableViewCell.swift */; };
		1403313E231652D800CFC872 /* HTRankTableViewCell.swift in Sources */ = {isa = PBXBuildFile; fileRef = 1403313D231652D800CFC872 /* HTRankTableViewCell.swift */; };
		1407454B2330C38A0052061F /* HTScoreTableViewCell.swift in Sources */ = {isa = PBXBuildFile; fileRef = 1407454A2330C38A0052061F /* HTScoreTableViewCell.swift */; };
		140AFF8A2356F5A400C22C22 /* AliyunEmasServices-Info.plist in Resources */ = {isa = PBXBuildFile; fileRef = 140AFF892356F5A400C22C22 /* AliyunEmasServices-Info.plist */; };
		140AFF8C2356F73200C22C22 /* libz.tbd in Frameworks */ = {isa = PBXBuildFile; fileRef = 140AFF8B2356F73200C22C22 /* libz.tbd */; };
		140AFF8E2356F73A00C22C22 /* libresolv.tbd in Frameworks */ = {isa = PBXBuildFile; fileRef = 140AFF8D2356F73A00C22C22 /* libresolv.tbd */; };
		140AFF902356F74200C22C22 /* libsqlite3.tbd in Frameworks */ = {isa = PBXBuildFile; fileRef = 140AFF8F2356F74200C22C22 /* libsqlite3.tbd */; };
		140AFF922356F74C00C22C22 /* CoreMotion.framework in Frameworks */ = {isa = PBXBuildFile; fileRef = 140AFF912356F74C00C22C22 /* CoreMotion.framework */; };
		140AFF972357FA2000C22C22 /* UTDID.framework in Frameworks */ = {isa = PBXBuildFile; fileRef = 140AFF932357FA1E00C22C22 /* UTDID.framework */; };
		140AFF982357FA2000C22C22 /* AlicloudUtils.framework in Frameworks */ = {isa = PBXBuildFile; fileRef = 140AFF942357FA1F00C22C22 /* AlicloudUtils.framework */; };
		140AFF992357FA2000C22C22 /* UTMini.framework in Frameworks */ = {isa = PBXBuildFile; fileRef = 140AFF952357FA1F00C22C22 /* UTMini.framework */; };
		140AFF9A2357FA2000C22C22 /* CloudPushSDK.framework in Frameworks */ = {isa = PBXBuildFile; fileRef = 140AFF962357FA2000C22C22 /* CloudPushSDK.framework */; };
		140D49D52314E00900FDA4E8 /* NetworkError.html in Resources */ = {isa = PBXBuildFile; fileRef = 140D49D42314E00900FDA4E8 /* NetworkError.html */; };
		140DB2BE233312CA00F87692 /* HTTeamDataTableViewController.swift in Sources */ = {isa = PBXBuildFile; fileRef = 140DB2BD233312CA00F87692 /* HTTeamDataTableViewController.swift */; };
		140DB2C023331F9800F87692 /* HTTeamDataModel.swift in Sources */ = {isa = PBXBuildFile; fileRef = 140DB2BF23331F9800F87692 /* HTTeamDataModel.swift */; };
		140DB2C22333319600F87692 /* HTCustomViewController.swift in Sources */ = {isa = PBXBuildFile; fileRef = 140DB2C12333319600F87692 /* HTCustomViewController.swift */; };
		1410BFCA244DCE2600CF5F32 /* HTCustomAlertView.swift in Sources */ = {isa = PBXBuildFile; fileRef = 1410BFC9244DCE2600CF5F32 /* HTCustomAlertView.swift */; };
		1417FB3623715B1E00EB65F6 /* NSObject+HTTestCategory.m in Sources */ = {isa = PBXBuildFile; fileRef = 1417FB3523715B1E00EB65F6 /* NSObject+HTTestCategory.m */; };
		1417FB3823715DC000EB65F6 /* SwiftUIView.swift in Sources */ = {isa = PBXBuildFile; fileRef = 1417FB3723715DC000EB65F6 /* SwiftUIView.swift */; };
		141F7BFA2320A981001B1716 /* HTTimeHelper.swift in Sources */ = {isa = PBXBuildFile; fileRef = 141F7BF92320A981001B1716 /* HTTimeHelper.swift */; };
		1424690D230F8D0B008E6987 /* HTQRCodeViewController.swift in Sources */ = {isa = PBXBuildFile; fileRef = 1424690C230F8D0B008E6987 /* HTQRCodeViewController.swift */; };
		1424690F230F8D2C008E6987 /* HTQRErrorViewController.swift in Sources */ = {isa = PBXBuildFile; fileRef = 1424690E230F8D2C008E6987 /* HTQRErrorViewController.swift */; };
		14246911230F8DEA008E6987 /* HTQRCode.swift in Sources */ = {isa = PBXBuildFile; fileRef = 14246910230F8DEA008E6987 /* HTQRCode.swift */; };
		14246913230FB606008E6987 /* tipsSound.mp3 in Resources */ = {isa = PBXBuildFile; fileRef = 14246912230FB606008E6987 /* tipsSound.mp3 */; };
		14246915230FC4EC008E6987 /* HTBaseTableViewController.swift in Sources */ = {isa = PBXBuildFile; fileRef = 14246914230FC4EC008E6987 /* HTBaseTableViewController.swift */; };
		14353BF4234199FE00665C17 /* HTSquadTableViewCell.swift in Sources */ = {isa = PBXBuildFile; fileRef = 14353BF3234199FE00665C17 /* HTSquadTableViewCell.swift */; };
		14353BF6234DAC3E00665C17 /* HTScheduleTableViewCell.swift in Sources */ = {isa = PBXBuildFile; fileRef = 14353BF5234DAC3E00665C17 /* HTScheduleTableViewCell.swift */; };
		143EA0FE235D7D5D00941ACB /* HTVideoPlayerViewController.swift in Sources */ = {isa = PBXBuildFile; fileRef = 143EA0FD235D7D5D00941ACB /* HTVideoPlayerViewController.swift */; };
		1440A53523138C8700165CA5 /* HTServices.swift in Sources */ = {isa = PBXBuildFile; fileRef = 1440A53423138C8700165CA5 /* HTServices.swift */; };
		1440A5372313D00600165CA5 /* HTHotNewsTableViewCell.swift in Sources */ = {isa = PBXBuildFile; fileRef = 1440A5362313D00600165CA5 /* HTHotNewsTableViewCell.swift */; };
		1440A5392313D9AD00165CA5 /* HTNewsModel.swift in Sources */ = {isa = PBXBuildFile; fileRef = 1440A5382313D9AD00165CA5 /* HTNewsModel.swift */; };
		1440A53B2313DA7600165CA5 /* HTNewsDataViewModel.swift in Sources */ = {isa = PBXBuildFile; fileRef = 1440A53A2313DA7600165CA5 /* HTNewsDataViewModel.swift */; };
		1440A53D23142BB900165CA5 /* HTColors.swift in Sources */ = {isa = PBXBuildFile; fileRef = 1440A53C23142BB900165CA5 /* HTColors.swift */; };
		144D22D924518077005FE88C /* InfoPlist.strings in Resources */ = {isa = PBXBuildFile; fileRef = 144D22DB24518077005FE88C /* InfoPlist.strings */; };
		1454FDFA23D1AEA6008539F7 /* HTFontClass.swift in Sources */ = {isa = PBXBuildFile; fileRef = 1454FDF923D1AEA6008539F7 /* HTFontClass.swift */; };
		1454FE0123D2ABE1008539F7 /* Localizable.strings in Resources */ = {isa = PBXBuildFile; fileRef = 1454FE0323D2ABE1008539F7 /* Localizable.strings */; };
		146517E42316C3CB00A7E19D /* HTRankModel.swift in Sources */ = {isa = PBXBuildFile; fileRef = 146517E32316C3CB00A7E19D /* HTRankModel.swift */; };
		146517E62317A79900A7E19D /* HTRankBaseViewController.swift in Sources */ = {isa = PBXBuildFile; fileRef = 146517E52317A79900A7E19D /* HTRankBaseViewController.swift */; };
		14AA90A0233858AA004B4D3B /* HTTeamDataBaseViewController.swift in Sources */ = {isa = PBXBuildFile; fileRef = 14AA909F233858AA004B4D3B /* HTTeamDataBaseViewController.swift */; };
		14AA90DC2339B3F1004B4D3B /* HTTeamDataTableViewCell.swift in Sources */ = {isa = PBXBuildFile; fileRef = 14AA90DB2339B3F1004B4D3B /* HTTeamDataTableViewCell.swift */; };
		14AA90DE2339B403004B4D3B /* HTCellHeaderView.swift in Sources */ = {isa = PBXBuildFile; fileRef = 14AA90DD2339B403004B4D3B /* HTCellHeaderView.swift */; };
		14AA90E02339BB22004B4D3B /* HTplayerInfoCollectionViewCell.swift in Sources */ = {isa = PBXBuildFile; fileRef = 14AA90DF2339BB22004B4D3B /* HTplayerInfoCollectionViewCell.swift */; };
		14DB2CE3230E2FD20014F19C /* MineTableViewController.swift in Sources */ = {isa = PBXBuildFile; fileRef = 14DB2CBB230E2FD20014F19C /* MineTableViewController.swift */; };
		14DB2CE4230E2FD20014F19C /* PresentChooseViewController.swift in Sources */ = {isa = PBXBuildFile; fileRef = 14DB2CBC230E2FD20014F19C /* PresentChooseViewController.swift */; };
		14DB2CE5230E2FD20014F19C /* PresentDataModel.swift in Sources */ = {isa = PBXBuildFile; fileRef = 14DB2CBE230E2FD20014F19C /* PresentDataModel.swift */; };
		14DB2CE6230E2FD20014F19C /* CradsModel.swift in Sources */ = {isa = PBXBuildFile; fileRef = 14DB2CBF230E2FD20014F19C /* CradsModel.swift */; };
		14DB2CE7230E2FD20014F19C /* ChooseTypeTableViewCell.swift in Sources */ = {isa = PBXBuildFile; fileRef = 14DB2CC1230E2FD20014F19C /* ChooseTypeTableViewCell.swift */; };
		14DB2CE8230E2FD20014F19C /* TableViewCell.swift in Sources */ = {isa = PBXBuildFile; fileRef = 14DB2CC2230E2FD20014F19C /* TableViewCell.swift */; };
		14DB2CE9230E2FD20014F19C /* ChooseTypeHeaderView.swift in Sources */ = {isa = PBXBuildFile; fileRef = 14DB2CC3230E2FD20014F19C /* ChooseTypeHeaderView.swift */; };
		14DB2CEA230E2FD20014F19C /* TableViewCell.xib in Resources */ = {isa = PBXBuildFile; fileRef = 14DB2CC4230E2FD20014F19C /* TableViewCell.xib */; };
		14DB2CEB230E2FD20014F19C /* HelperClass.swift in Sources */ = {isa = PBXBuildFile; fileRef = 14DB2CC6230E2FD20014F19C /* HelperClass.swift */; };
		14DB2CEC230E2FD20014F19C /* 文档 in Resources */ = {isa = PBXBuildFile; fileRef = 14DB2CC7230E2FD20014F19C /* 文档 */; };
		14DB2CED230E2FD20014F19C /* HTWebViewViewController.swift in Sources */ = {isa = PBXBuildFile; fileRef = 14DB2CC8230E2FD20014F19C /* HTWebViewViewController.swift */; };
		14DB2CEE230E2FD20014F19C /* HTNewsTableViewController.swift in Sources */ = {isa = PBXBuildFile; fileRef = 14DB2CCB230E2FD20014F19C /* HTNewsTableViewController.swift */; };
		14DB2CEF230E2FD20014F19C /* SportsTableViewController.swift in Sources */ = {isa = PBXBuildFile; fileRef = 14DB2CCC230E2FD20014F19C /* SportsTableViewController.swift */; };
		14DB2CF0230E2FD20014F19C /* ViewController.swift in Sources */ = {isa = PBXBuildFile; fileRef = 14DB2CCE230E2FD20014F19C /* ViewController.swift */; };
		14DB2CF1230E2FD20014F19C /* RootTabBarViewController.swift in Sources */ = {isa = PBXBuildFile; fileRef = 14DB2CCF230E2FD20014F19C /* RootTabBarViewController.swift */; };
		14DB2CF2230E2FD20014F19C /* Assets.xcassets in Resources */ = {isa = PBXBuildFile; fileRef = 14DB2CD0230E2FD20014F19C /* Assets.xcassets */; };
		14DB2CF3230E2FD20014F19C /* OCViewController.m in Sources */ = {isa = PBXBuildFile; fileRef = 14DB2CD1230E2FD20014F19C /* OCViewController.m */; };
		14DB2CF4230E2FD20014F19C /* LaunchScreen.storyboard in Resources */ = {isa = PBXBuildFile; fileRef = 14DB2CD2230E2FD20014F19C /* LaunchScreen.storyboard */; };
		14DB2CF5230E2FD20014F19C /* Main.storyboard in Resources */ = {isa = PBXBuildFile; fileRef = 14DB2CD4230E2FD20014F19C /* Main.storyboard */; };
		14DB2CF7230E2FD20014F19C /* HTBaseViewController.swift in Sources */ = {isa = PBXBuildFile; fileRef = 14DB2CD8230E2FD20014F19C /* HTBaseViewController.swift */; };
		14DB2CF8230E2FD20014F19C /* AppDelegate.swift in Sources */ = {isa = PBXBuildFile; fileRef = 14DB2CD9230E2FD20014F19C /* AppDelegate.swift */; };
		14DB2CFA230E2FD20014F19C /* ShopCollectionViewController.swift in Sources */ = {isa = PBXBuildFile; fileRef = 14DB2CDE230E2FD20014F19C /* ShopCollectionViewController.swift */; };
		14DB2CFD230E31220014F19C /* Accelerate.framework in Frameworks */ = {isa = PBXBuildFile; fileRef = 14DB2CFC230E31220014F19C /* Accelerate.framework */; };
		14DB2CFF230E312A0014F19C /* AssetsLibrary.framework in Frameworks */ = {isa = PBXBuildFile; fileRef = 14DB2CFE230E312A0014F19C /* AssetsLibrary.framework */; };
		14DB2D01230E31310014F19C /* CoreFoundation.framework in Frameworks */ = {isa = PBXBuildFile; fileRef = 14DB2D00230E31310014F19C /* CoreFoundation.framework */; };
		14DB2D03230E313B0014F19C /* CoreGraphics.framework in Frameworks */ = {isa = PBXBuildFile; fileRef = 14DB2D02230E313B0014F19C /* CoreGraphics.framework */; };
		14DB2D05230E31430014F19C /* CoreImage.framework in Frameworks */ = {isa = PBXBuildFile; fileRef = 14DB2D04230E31430014F19C /* CoreImage.framework */; };
		14DB2D07230E314A0014F19C /* CoreText.framework in Frameworks */ = {isa = PBXBuildFile; fileRef = 14DB2D06230E314A0014F19C /* CoreText.framework */; };
		14DB2D09230E31510014F19C /* CoreTelephony.framework in Frameworks */ = {isa = PBXBuildFile; fileRef = 14DB2D08230E31510014F19C /* CoreTelephony.framework */; };
		14DB2D0B230E31590014F19C /* Foundation.framework in Frameworks */ = {isa = PBXBuildFile; fileRef = 14DB2D0A230E31590014F19C /* Foundation.framework */; };
		14DB2D0D230E31610014F19C /* ImageIO.framework in Frameworks */ = {isa = PBXBuildFile; fileRef = 14DB2D0C230E31610014F19C /* ImageIO.framework */; };
		14DB2D0F230E316F0014F19C /* MobileCoreServices.framework in Frameworks */ = {isa = PBXBuildFile; fileRef = 14DB2D0E230E316F0014F19C /* MobileCoreServices.framework */; };
		14DB2D11230E31780014F19C /* QuartzCore.framework in Frameworks */ = {isa = PBXBuildFile; fileRef = 14DB2D10230E31780014F19C /* QuartzCore.framework */; };
		14DB2D13230E317E0014F19C /* SystemConfiguration.framework in Frameworks */ = {isa = PBXBuildFile; fileRef = 14DB2D12230E317E0014F19C /* SystemConfiguration.framework */; };
		14DB2D15230E31850014F19C /* Security.framework in Frameworks */ = {isa = PBXBuildFile; fileRef = 14DB2D14230E31850014F19C /* Security.framework */; };
		14DB2D17230E318C0014F19C /* UIKit.framework in Frameworks */ = {isa = PBXBuildFile; fileRef = 14DB2D16230E318C0014F19C /* UIKit.framework */; };
		7E7F330020DB9D1E00AA02EE /* Podfile in Resources */ = {isa = PBXBuildFile; fileRef = 7E7F32FF20DB9D1D00AA02EE /* Podfile */; };
		7EFC38D220DA2CCE005616D0 /* Default-568h@2x.png in Resources */ = {isa = PBXBuildFile; fileRef = 7EFC38D120DA2CCE005616D0 /* Default-568h@2x.png */; };
		B763FD29657F778BF255C48D /* Pods_SportsLife.framework in Frameworks */ = {isa = PBXBuildFile; fileRef = 533DA9604F19D714F6EF2D3C /* Pods_SportsLife.framework */; };
/* End PBXBuildFile section */

/* Begin PBXFileReference section */
		14022710231D0004006B0063 /* YTBubbleView.swift */ = {isa = PBXFileReference; fileEncoding = 4; lastKnownFileType = sourcecode.swift; path = YTBubbleView.swift; sourceTree = "<group>"; };
		14022712231E00C5006B0063 /* HTRankViewController.swift */ = {isa = PBXFileReference; lastKnownFileType = sourcecode.swift; path = HTRankViewController.swift; sourceTree = "<group>"; };
		14022716231E367F006B0063 /* HTNODataView.swift */ = {isa = PBXFileReference; lastKnownFileType = sourcecode.swift; path = HTNODataView.swift; sourceTree = "<group>"; };
		14022718231E4486006B0063 /* HTBaseVideoViewController.swift */ = {isa = PBXFileReference; lastKnownFileType = sourcecode.swift; path = HTBaseVideoViewController.swift; sourceTree = "<group>"; };
		1402271A231E450E006B0063 /* HTVideoViewController.swift */ = {isa = PBXFileReference; lastKnownFileType = sourcecode.swift; path = HTVideoViewController.swift; sourceTree = "<group>"; };
		1402271D231E4582006B0063 /* HTVideoModel.swift */ = {isa = PBXFileReference; lastKnownFileType = sourcecode.swift; path = HTVideoModel.swift; sourceTree = "<group>"; };
		14022720231E4BB4006B0063 /* HTVideoTableViewCell.swift */ = {isa = PBXFileReference; lastKnownFileType = sourcecode.swift; path = HTVideoTableViewCell.swift; sourceTree = "<group>"; };
		1403313D231652D800CFC872 /* HTRankTableViewCell.swift */ = {isa = PBXFileReference; lastKnownFileType = sourcecode.swift; path = HTRankTableViewCell.swift; sourceTree = "<group>"; };
		1407454A2330C38A0052061F /* HTScoreTableViewCell.swift */ = {isa = PBXFileReference; lastKnownFileType = sourcecode.swift; path = HTScoreTableViewCell.swift; sourceTree = "<group>"; };
		140AFF892356F5A400C22C22 /* AliyunEmasServices-Info.plist */ = {isa = PBXFileReference; fileEncoding = 4; lastKnownFileType = text.plist.xml; path = "AliyunEmasServices-Info.plist"; sourceTree = "<group>"; };
		140AFF8B2356F73200C22C22 /* libz.tbd */ = {isa = PBXFileReference; lastKnownFileType = "sourcecode.text-based-dylib-definition"; name = libz.tbd; path = usr/lib/libz.tbd; sourceTree = SDKROOT; };
		140AFF8D2356F73A00C22C22 /* libresolv.tbd */ = {isa = PBXFileReference; lastKnownFileType = "sourcecode.text-based-dylib-definition"; name = libresolv.tbd; path = usr/lib/libresolv.tbd; sourceTree = SDKROOT; };
		140AFF8F2356F74200C22C22 /* libsqlite3.tbd */ = {isa = PBXFileReference; lastKnownFileType = "sourcecode.text-based-dylib-definition"; name = libsqlite3.tbd; path = usr/lib/libsqlite3.tbd; sourceTree = SDKROOT; };
		140AFF912356F74C00C22C22 /* CoreMotion.framework */ = {isa = PBXFileReference; lastKnownFileType = wrapper.framework; name = CoreMotion.framework; path = System/Library/Frameworks/CoreMotion.framework; sourceTree = SDKROOT; };
		140AFF932357FA1E00C22C22 /* UTDID.framework */ = {isa = PBXFileReference; lastKnownFileType = wrapper.framework; path = UTDID.framework; sourceTree = "<group>"; };
		140AFF942357FA1F00C22C22 /* AlicloudUtils.framework */ = {isa = PBXFileReference; lastKnownFileType = wrapper.framework; path = AlicloudUtils.framework; sourceTree = "<group>"; };
		140AFF952357FA1F00C22C22 /* UTMini.framework */ = {isa = PBXFileReference; lastKnownFileType = wrapper.framework; path = UTMini.framework; sourceTree = "<group>"; };
		140AFF962357FA2000C22C22 /* CloudPushSDK.framework */ = {isa = PBXFileReference; lastKnownFileType = wrapper.framework; path = CloudPushSDK.framework; sourceTree = "<group>"; };
		140D49D42314E00900FDA4E8 /* NetworkError.html */ = {isa = PBXFileReference; fileEncoding = 4; lastKnownFileType = text.html; path = NetworkError.html; sourceTree = "<group>"; };
		140DB2BD233312CA00F87692 /* HTTeamDataTableViewController.swift */ = {isa = PBXFileReference; lastKnownFileType = sourcecode.swift; path = HTTeamDataTableViewController.swift; sourceTree = "<group>"; };
		140DB2BF23331F9800F87692 /* HTTeamDataModel.swift */ = {isa = PBXFileReference; lastKnownFileType = sourcecode.swift; path = HTTeamDataModel.swift; sourceTree = "<group>"; };
		140DB2C12333319600F87692 /* HTCustomViewController.swift */ = {isa = PBXFileReference; lastKnownFileType = sourcecode.swift; path = HTCustomViewController.swift; sourceTree = "<group>"; };
		1410BFC9244DCE2600CF5F32 /* HTCustomAlertView.swift */ = {isa = PBXFileReference; lastKnownFileType = sourcecode.swift; path = HTCustomAlertView.swift; sourceTree = "<group>"; };
		1417FB3423715B1E00EB65F6 /* NSObject+HTTestCategory.h */ = {isa = PBXFileReference; lastKnownFileType = sourcecode.c.h; path = "NSObject+HTTestCategory.h"; sourceTree = "<group>"; };
		1417FB3523715B1E00EB65F6 /* NSObject+HTTestCategory.m */ = {isa = PBXFileReference; lastKnownFileType = sourcecode.c.objc; path = "NSObject+HTTestCategory.m"; sourceTree = "<group>"; };
		1417FB3723715DC000EB65F6 /* SwiftUIView.swift */ = {isa = PBXFileReference; lastKnownFileType = sourcecode.swift; path = SwiftUIView.swift; sourceTree = "<group>"; };
		141F7BF92320A981001B1716 /* HTTimeHelper.swift */ = {isa = PBXFileReference; lastKnownFileType = sourcecode.swift; path = HTTimeHelper.swift; sourceTree = "<group>"; };
		1424690C230F8D0B008E6987 /* HTQRCodeViewController.swift */ = {isa = PBXFileReference; lastKnownFileType = sourcecode.swift; path = HTQRCodeViewController.swift; sourceTree = "<group>"; };
		1424690E230F8D2C008E6987 /* HTQRErrorViewController.swift */ = {isa = PBXFileReference; lastKnownFileType = sourcecode.swift; path = HTQRErrorViewController.swift; sourceTree = "<group>"; };
		14246910230F8DEA008E6987 /* HTQRCode.swift */ = {isa = PBXFileReference; lastKnownFileType = sourcecode.swift; path = HTQRCode.swift; sourceTree = "<group>"; };
		14246912230FB606008E6987 /* tipsSound.mp3 */ = {isa = PBXFileReference; lastKnownFileType = audio.mp3; path = tipsSound.mp3; sourceTree = "<group>"; };
		14246914230FC4EC008E6987 /* HTBaseTableViewController.swift */ = {isa = PBXFileReference; lastKnownFileType = sourcecode.swift; path = HTBaseTableViewController.swift; sourceTree = "<group>"; };
		14353BF3234199FE00665C17 /* HTSquadTableViewCell.swift */ = {isa = PBXFileReference; lastKnownFileType = sourcecode.swift; path = HTSquadTableViewCell.swift; sourceTree = "<group>"; };
		14353BF5234DAC3E00665C17 /* HTScheduleTableViewCell.swift */ = {isa = PBXFileReference; lastKnownFileType = sourcecode.swift; path = HTScheduleTableViewCell.swift; sourceTree = "<group>"; };
		143EA0FD235D7D5D00941ACB /* HTVideoPlayerViewController.swift */ = {isa = PBXFileReference; lastKnownFileType = sourcecode.swift; path = HTVideoPlayerViewController.swift; sourceTree = "<group>"; };
		1440A53423138C8700165CA5 /* HTServices.swift */ = {isa = PBXFileReference; lastKnownFileType = sourcecode.swift; path = HTServices.swift; sourceTree = "<group>"; };
		1440A5362313D00600165CA5 /* HTHotNewsTableViewCell.swift */ = {isa = PBXFileReference; lastKnownFileType = sourcecode.swift; path = HTHotNewsTableViewCell.swift; sourceTree = "<group>"; };
		1440A5382313D9AD00165CA5 /* HTNewsModel.swift */ = {isa = PBXFileReference; lastKnownFileType = sourcecode.swift; path = HTNewsModel.swift; sourceTree = "<group>"; };
		1440A53A2313DA7600165CA5 /* HTNewsDataViewModel.swift */ = {isa = PBXFileReference; lastKnownFileType = sourcecode.swift; path = HTNewsDataViewModel.swift; sourceTree = "<group>"; };
		1440A53C23142BB900165CA5 /* HTColors.swift */ = {isa = PBXFileReference; lastKnownFileType = sourcecode.swift; path = HTColors.swift; sourceTree = "<group>"; };
		144D22D424517FC1005FE88C /* en */ = {isa = PBXFileReference; lastKnownFileType = text.plist.xml; name = en; path = en.lproj/Info.plist; sourceTree = "<group>"; };
		144D22DA24518077005FE88C /* en */ = {isa = PBXFileReference; lastKnownFileType = text.plist.strings; name = en; path = en.lproj/InfoPlist.strings; sourceTree = "<group>"; };
		144D22DC2451807C005FE88C /* zh-Hans */ = {isa = PBXFileReference; lastKnownFileType = text.plist.strings; name = "zh-Hans"; path = "zh-Hans.lproj/InfoPlist.strings"; sourceTree = "<group>"; };
		1454FDF923D1AEA6008539F7 /* HTFontClass.swift */ = {isa = PBXFileReference; lastKnownFileType = sourcecode.swift; path = HTFontClass.swift; sourceTree = "<group>"; };
		1454FDFF23D2AB5C008539F7 /* zh-Hans */ = {isa = PBXFileReference; lastKnownFileType = text.plist.strings; name = "zh-Hans"; path = "zh-Hans.lproj/LaunchScreen.strings"; sourceTree = "<group>"; };
		1454FE0023D2AB5C008539F7 /* zh-Hans */ = {isa = PBXFileReference; lastKnownFileType = text.plist.strings; name = "zh-Hans"; path = "zh-Hans.lproj/Main.strings"; sourceTree = "<group>"; };
		1454FE0223D2ABE1008539F7 /* zh-Hans */ = {isa = PBXFileReference; lastKnownFileType = text.plist.strings; name = "zh-Hans"; path = "zh-Hans.lproj/Localizable.strings"; sourceTree = "<group>"; };
		1454FE0423D2AC16008539F7 /* en */ = {isa = PBXFileReference; lastKnownFileType = text.plist.strings; name = en; path = en.lproj/Localizable.strings; sourceTree = "<group>"; };
		146517E32316C3CB00A7E19D /* HTRankModel.swift */ = {isa = PBXFileReference; lastKnownFileType = sourcecode.swift; path = HTRankModel.swift; sourceTree = "<group>"; };
		146517E52317A79900A7E19D /* HTRankBaseViewController.swift */ = {isa = PBXFileReference; lastKnownFileType = sourcecode.swift; path = HTRankBaseViewController.swift; sourceTree = "<group>"; };
		14AA909F233858AA004B4D3B /* HTTeamDataBaseViewController.swift */ = {isa = PBXFileReference; lastKnownFileType = sourcecode.swift; path = HTTeamDataBaseViewController.swift; sourceTree = "<group>"; };
		14AA90DB2339B3F1004B4D3B /* HTTeamDataTableViewCell.swift */ = {isa = PBXFileReference; lastKnownFileType = sourcecode.swift; path = HTTeamDataTableViewCell.swift; sourceTree = "<group>"; };
		14AA90DD2339B403004B4D3B /* HTCellHeaderView.swift */ = {isa = PBXFileReference; lastKnownFileType = sourcecode.swift; path = HTCellHeaderView.swift; sourceTree = "<group>"; };
		14AA90DF2339BB22004B4D3B /* HTplayerInfoCollectionViewCell.swift */ = {isa = PBXFileReference; lastKnownFileType = sourcecode.swift; path = HTplayerInfoCollectionViewCell.swift; sourceTree = "<group>"; };
		14DB2CBB230E2FD20014F19C /* MineTableViewController.swift */ = {isa = PBXFileReference; fileEncoding = 4; lastKnownFileType = sourcecode.swift; path = MineTableViewController.swift; sourceTree = "<group>"; };
		14DB2CBC230E2FD20014F19C /* PresentChooseViewController.swift */ = {isa = PBXFileReference; fileEncoding = 4; lastKnownFileType = sourcecode.swift; path = PresentChooseViewController.swift; sourceTree = "<group>"; };
		14DB2CBE230E2FD20014F19C /* PresentDataModel.swift */ = {isa = PBXFileReference; fileEncoding = 4; lastKnownFileType = sourcecode.swift; path = PresentDataModel.swift; sourceTree = "<group>"; };
		14DB2CBF230E2FD20014F19C /* CradsModel.swift */ = {isa = PBXFileReference; fileEncoding = 4; lastKnownFileType = sourcecode.swift; path = CradsModel.swift; sourceTree = "<group>"; };
		14DB2CC1230E2FD20014F19C /* ChooseTypeTableViewCell.swift */ = {isa = PBXFileReference; fileEncoding = 4; lastKnownFileType = sourcecode.swift; path = ChooseTypeTableViewCell.swift; sourceTree = "<group>"; };
		14DB2CC2230E2FD20014F19C /* TableViewCell.swift */ = {isa = PBXFileReference; fileEncoding = 4; lastKnownFileType = sourcecode.swift; path = TableViewCell.swift; sourceTree = "<group>"; };
		14DB2CC3230E2FD20014F19C /* ChooseTypeHeaderView.swift */ = {isa = PBXFileReference; fileEncoding = 4; lastKnownFileType = sourcecode.swift; path = ChooseTypeHeaderView.swift; sourceTree = "<group>"; };
		14DB2CC4230E2FD20014F19C /* TableViewCell.xib */ = {isa = PBXFileReference; fileEncoding = 4; lastKnownFileType = file.xib; path = TableViewCell.xib; sourceTree = "<group>"; };
		14DB2CC6230E2FD20014F19C /* HelperClass.swift */ = {isa = PBXFileReference; fileEncoding = 4; lastKnownFileType = sourcecode.swift; path = HelperClass.swift; sourceTree = "<group>"; };
		14DB2CC7230E2FD20014F19C /* 文档 */ = {isa = PBXFileReference; fileEncoding = 4; lastKnownFileType = text; path = "文档"; sourceTree = "<group>"; };
		14DB2CC8230E2FD20014F19C /* HTWebViewViewController.swift */ = {isa = PBXFileReference; fileEncoding = 4; lastKnownFileType = sourcecode.swift; path = HTWebViewViewController.swift; sourceTree = "<group>"; };
		14DB2CCB230E2FD20014F19C /* HTNewsTableViewController.swift */ = {isa = PBXFileReference; fileEncoding = 4; lastKnownFileType = sourcecode.swift; path = HTNewsTableViewController.swift; sourceTree = "<group>"; };
		14DB2CCC230E2FD20014F19C /* SportsTableViewController.swift */ = {isa = PBXFileReference; fileEncoding = 4; lastKnownFileType = sourcecode.swift; path = SportsTableViewController.swift; sourceTree = "<group>"; };
		14DB2CCE230E2FD20014F19C /* ViewController.swift */ = {isa = PBXFileReference; fileEncoding = 4; lastKnownFileType = sourcecode.swift; path = ViewController.swift; sourceTree = "<group>"; };
		14DB2CCF230E2FD20014F19C /* RootTabBarViewController.swift */ = {isa = PBXFileReference; fileEncoding = 4; lastKnownFileType = sourcecode.swift; path = RootTabBarViewController.swift; sourceTree = "<group>"; };
		14DB2CD0230E2FD20014F19C /* Assets.xcassets */ = {isa = PBXFileReference; lastKnownFileType = folder.assetcatalog; path = Assets.xcassets; sourceTree = "<group>"; };
		14DB2CD1230E2FD20014F19C /* OCViewController.m */ = {isa = PBXFileReference; fileEncoding = 4; lastKnownFileType = sourcecode.c.objc; path = OCViewController.m; sourceTree = "<group>"; };
		14DB2CD3230E2FD20014F19C /* Base */ = {isa = PBXFileReference; lastKnownFileType = file.storyboard; name = Base; path = Base.lproj/LaunchScreen.storyboard; sourceTree = "<group>"; };
		14DB2CD5230E2FD20014F19C /* Base */ = {isa = PBXFileReference; lastKnownFileType = file.storyboard; name = Base; path = Base.lproj/Main.storyboard; sourceTree = "<group>"; };
		14DB2CD6230E2FD20014F19C /* SportsLife-Bridging-Header.h */ = {isa = PBXFileReference; fileEncoding = 4; lastKnownFileType = sourcecode.c.h; path = "SportsLife-Bridging-Header.h"; sourceTree = "<group>"; };
		14DB2CD8230E2FD20014F19C /* HTBaseViewController.swift */ = {isa = PBXFileReference; fileEncoding = 4; lastKnownFileType = sourcecode.swift; path = HTBaseViewController.swift; sourceTree = "<group>"; };
		14DB2CD9230E2FD20014F19C /* AppDelegate.swift */ = {isa = PBXFileReference; fileEncoding = 4; lastKnownFileType = sourcecode.swift; path = AppDelegate.swift; sourceTree = "<group>"; };
		14DB2CDB230E2FD20014F19C /* OCViewController.h */ = {isa = PBXFileReference; fileEncoding = 4; lastKnownFileType = sourcecode.c.h; path = OCViewController.h; sourceTree = "<group>"; };
		14DB2CDE230E2FD20014F19C /* ShopCollectionViewController.swift */ = {isa = PBXFileReference; fileEncoding = 4; lastKnownFileType = sourcecode.swift; path = ShopCollectionViewController.swift; sourceTree = "<group>"; };
		14DB2CE2230E2FD20014F19C /* GamesTableViewController.swift */ = {isa = PBXFileReference; fileEncoding = 4; lastKnownFileType = sourcecode.swift; path = GamesTableViewController.swift; sourceTree = "<group>"; };
		14DB2CFC230E31220014F19C /* Accelerate.framework */ = {isa = PBXFileReference; lastKnownFileType = wrapper.framework; name = Accelerate.framework; path = System/Library/Frameworks/Accelerate.framework; sourceTree = SDKROOT; };
		14DB2CFE230E312A0014F19C /* AssetsLibrary.framework */ = {isa = PBXFileReference; lastKnownFileType = wrapper.framework; name = AssetsLibrary.framework; path = System/Library/Frameworks/AssetsLibrary.framework; sourceTree = SDKROOT; };
		14DB2D00230E31310014F19C /* CoreFoundation.framework */ = {isa = PBXFileReference; lastKnownFileType = wrapper.framework; name = CoreFoundation.framework; path = System/Library/Frameworks/CoreFoundation.framework; sourceTree = SDKROOT; };
		14DB2D02230E313B0014F19C /* CoreGraphics.framework */ = {isa = PBXFileReference; lastKnownFileType = wrapper.framework; name = CoreGraphics.framework; path = System/Library/Frameworks/CoreGraphics.framework; sourceTree = SDKROOT; };
		14DB2D04230E31430014F19C /* CoreImage.framework */ = {isa = PBXFileReference; lastKnownFileType = wrapper.framework; name = CoreImage.framework; path = System/Library/Frameworks/CoreImage.framework; sourceTree = SDKROOT; };
		14DB2D06230E314A0014F19C /* CoreText.framework */ = {isa = PBXFileReference; lastKnownFileType = wrapper.framework; name = CoreText.framework; path = System/Library/Frameworks/CoreText.framework; sourceTree = SDKROOT; };
		14DB2D08230E31510014F19C /* CoreTelephony.framework */ = {isa = PBXFileReference; lastKnownFileType = wrapper.framework; name = CoreTelephony.framework; path = System/Library/Frameworks/CoreTelephony.framework; sourceTree = SDKROOT; };
		14DB2D0A230E31590014F19C /* Foundation.framework */ = {isa = PBXFileReference; lastKnownFileType = wrapper.framework; name = Foundation.framework; path = System/Library/Frameworks/Foundation.framework; sourceTree = SDKROOT; };
		14DB2D0C230E31610014F19C /* ImageIO.framework */ = {isa = PBXFileReference; lastKnownFileType = wrapper.framework; name = ImageIO.framework; path = System/Library/Frameworks/ImageIO.framework; sourceTree = SDKROOT; };
		14DB2D0E230E316F0014F19C /* MobileCoreServices.framework */ = {isa = PBXFileReference; lastKnownFileType = wrapper.framework; name = MobileCoreServices.framework; path = System/Library/Frameworks/MobileCoreServices.framework; sourceTree = SDKROOT; };
		14DB2D10230E31780014F19C /* QuartzCore.framework */ = {isa = PBXFileReference; lastKnownFileType = wrapper.framework; name = QuartzCore.framework; path = System/Library/Frameworks/QuartzCore.framework; sourceTree = SDKROOT; };
		14DB2D12230E317E0014F19C /* SystemConfiguration.framework */ = {isa = PBXFileReference; lastKnownFileType = wrapper.framework; name = SystemConfiguration.framework; path = System/Library/Frameworks/SystemConfiguration.framework; sourceTree = SDKROOT; };
		14DB2D14230E31850014F19C /* Security.framework */ = {isa = PBXFileReference; lastKnownFileType = wrapper.framework; name = Security.framework; path = System/Library/Frameworks/Security.framework; sourceTree = SDKROOT; };
		14DB2D16230E318C0014F19C /* UIKit.framework */ = {isa = PBXFileReference; lastKnownFileType = wrapper.framework; name = UIKit.framework; path = System/Library/Frameworks/UIKit.framework; sourceTree = SDKROOT; };
		14DB2D1A230E33190014F19C /* Info.plist */ = {isa = PBXFileReference; lastKnownFileType = text.plist.xml; path = Info.plist; sourceTree = "<group>"; };
		533DA9604F19D714F6EF2D3C /* Pods_SportsLife.framework */ = {isa = PBXFileReference; explicitFileType = wrapper.framework; includeInIndex = 0; path = Pods_SportsLife.framework; sourceTree = BUILT_PRODUCTS_DIR; };
		7E7F32FF20DB9D1D00AA02EE /* Podfile */ = {isa = PBXFileReference; fileEncoding = 4; lastKnownFileType = text; path = Podfile; sourceTree = "<group>"; xcLanguageSpecificationIdentifier = xcode.lang.ruby; };
		7EFC389C20DA2884005616D0 /* SportsLife.app */ = {isa = PBXFileReference; explicitFileType = wrapper.application; includeInIndex = 0; path = SportsLife.app; sourceTree = BUILT_PRODUCTS_DIR; };
		7EFC38D120DA2CCE005616D0 /* Default-568h@2x.png */ = {isa = PBXFileReference; lastKnownFileType = image.png; path = "Default-568h@2x.png"; sourceTree = "<group>"; };
		9010FD7F5F87282C8D9FF689 /* Pods-SportsLife.release.xcconfig */ = {isa = PBXFileReference; includeInIndex = 1; lastKnownFileType = text.xcconfig; name = "Pods-SportsLife.release.xcconfig"; path = "Pods/Target Support Files/Pods-SportsLife/Pods-SportsLife.release.xcconfig"; sourceTree = "<group>"; };
		F2A99BEDBCB5F1133A2B86D5 /* Pods-SportsLife.debug.xcconfig */ = {isa = PBXFileReference; includeInIndex = 1; lastKnownFileType = text.xcconfig; name = "Pods-SportsLife.debug.xcconfig"; path = "Pods/Target Support Files/Pods-SportsLife/Pods-SportsLife.debug.xcconfig"; sourceTree = "<group>"; };
/* End PBXFileReference section */

/* Begin PBXFrameworksBuildPhase section */
		7EFC389920DA2884005616D0 /* Frameworks */ = {
			isa = PBXFrameworksBuildPhase;
			buildActionMask = 2147483647;
			files = (
				140AFF992357FA2000C22C22 /* UTMini.framework in Frameworks */,
				14DB2D13230E317E0014F19C /* SystemConfiguration.framework in Frameworks */,
				14DB2D09230E31510014F19C /* CoreTelephony.framework in Frameworks */,
				140AFF982357FA2000C22C22 /* AlicloudUtils.framework in Frameworks */,
				140AFF9A2357FA2000C22C22 /* CloudPushSDK.framework in Frameworks */,
				140AFF922356F74C00C22C22 /* CoreMotion.framework in Frameworks */,
				140AFF902356F74200C22C22 /* libsqlite3.tbd in Frameworks */,
				140AFF8E2356F73A00C22C22 /* libresolv.tbd in Frameworks */,
				140AFF8C2356F73200C22C22 /* libz.tbd in Frameworks */,
				14DB2D17230E318C0014F19C /* UIKit.framework in Frameworks */,
				14DB2D15230E31850014F19C /* Security.framework in Frameworks */,
				14DB2D11230E31780014F19C /* QuartzCore.framework in Frameworks */,
				14DB2D0F230E316F0014F19C /* MobileCoreServices.framework in Frameworks */,
				14DB2D0D230E31610014F19C /* ImageIO.framework in Frameworks */,
				14DB2D0B230E31590014F19C /* Foundation.framework in Frameworks */,
				14DB2D07230E314A0014F19C /* CoreText.framework in Frameworks */,
				140AFF972357FA2000C22C22 /* UTDID.framework in Frameworks */,
				14DB2D05230E31430014F19C /* CoreImage.framework in Frameworks */,
				14DB2D03230E313B0014F19C /* CoreGraphics.framework in Frameworks */,
				14DB2D01230E31310014F19C /* CoreFoundation.framework in Frameworks */,
				14DB2CFF230E312A0014F19C /* AssetsLibrary.framework in Frameworks */,
				14DB2CFD230E31220014F19C /* Accelerate.framework in Frameworks */,
				B763FD29657F778BF255C48D /* Pods_SportsLife.framework in Frameworks */,
			);
			runOnlyForDeploymentPostprocessing = 0;
		};
/* End PBXFrameworksBuildPhase section */

/* Begin PBXGroup section */
		1402271C231E4570006B0063 /* Model */ = {
			isa = PBXGroup;
			children = (
				1402271D231E4582006B0063 /* HTVideoModel.swift */,
			);
			path = Model;
			sourceTree = "<group>";
		};
		1402271F231E4B94006B0063 /* View */ = {
			isa = PBXGroup;
			children = (
				14022720231E4BB4006B0063 /* HTVideoTableViewCell.swift */,
			);
			path = View;
			sourceTree = "<group>";
		};
		140AFF882356F58F00C22C22 /* 阿里云 */ = {
			isa = PBXGroup;
			children = (
				140AFF942357FA1F00C22C22 /* AlicloudUtils.framework */,
				140AFF962357FA2000C22C22 /* CloudPushSDK.framework */,
				140AFF932357FA1E00C22C22 /* UTDID.framework */,
				140AFF952357FA1F00C22C22 /* UTMini.framework */,
				140AFF892356F5A400C22C22 /* AliyunEmasServices-Info.plist */,
			);
			path = "阿里云";
			sourceTree = "<group>";
		};
		1424690B230F8C92008E6987 /* QRCode */ = {
			isa = PBXGroup;
			children = (
				14246912230FB606008E6987 /* tipsSound.mp3 */,
				1424690C230F8D0B008E6987 /* HTQRCodeViewController.swift */,
				1424690E230F8D2C008E6987 /* HTQRErrorViewController.swift */,
				14246910230F8DEA008E6987 /* HTQRCode.swift */,
			);
			path = QRCode;
			sourceTree = "<group>";
		};
		143EA0FC235D7D2500941ACB /* Video */ = {
			isa = PBXGroup;
			children = (
				143EA0FD235D7D5D00941ACB /* HTVideoPlayerViewController.swift */,
			);
			path = Video;
			sourceTree = "<group>";
		};
		1440A53123138C2E00165CA5 /* View */ = {
			isa = PBXGroup;
			children = (
				1440A5362313D00600165CA5 /* HTHotNewsTableViewCell.swift */,
				1403313D231652D800CFC872 /* HTRankTableViewCell.swift */,
				1407454A2330C38A0052061F /* HTScoreTableViewCell.swift */,
			);
			path = View;
			sourceTree = "<group>";
		};
		1440A53223138C3400165CA5 /* Model */ = {
			isa = PBXGroup;
			children = (
				1440A5382313D9AD00165CA5 /* HTNewsModel.swift */,
				1440A53A2313DA7600165CA5 /* HTNewsDataViewModel.swift */,
				146517E32316C3CB00A7E19D /* HTRankModel.swift */,
			);
			path = Model;
			sourceTree = "<group>";
		};
		1440A53323138C4A00165CA5 /* Network */ = {
			isa = PBXGroup;
			children = (
				1440A53423138C8700165CA5 /* HTServices.swift */,
			);
			path = Network;
			sourceTree = "<group>";
		};
		146517E12316904700A7E19D /* Model */ = {
			isa = PBXGroup;
			children = (
				140DB2BF23331F9800F87692 /* HTTeamDataModel.swift */,
			);
			path = Model;
			sourceTree = "<group>";
		};
		146517E22316905100A7E19D /* View */ = {
			isa = PBXGroup;
			children = (
				14AA90DB2339B3F1004B4D3B /* HTTeamDataTableViewCell.swift */,
				14AA90DD2339B403004B4D3B /* HTCellHeaderView.swift */,
				14AA90DF2339BB22004B4D3B /* HTplayerInfoCollectionViewCell.swift */,
				14353BF3234199FE00665C17 /* HTSquadTableViewCell.swift */,
				14353BF5234DAC3E00665C17 /* HTScheduleTableViewCell.swift */,
			);
			path = View;
			sourceTree = "<group>";
		};
		14DB2CB9230E2FD20014F19C /* 个人中心 */ = {
			isa = PBXGroup;
			children = (
				143EA0FC235D7D2500941ACB /* Video */,
				140AFF882356F58F00C22C22 /* 阿里云 */,
				14DB2CBA230E2FD20014F19C /* Controller */,
				14DB2CBD230E2FD20014F19C /* Model */,
				14DB2CC0230E2FD20014F19C /* View */,
			);
			path = "个人中心";
			sourceTree = "<group>";
		};
		14DB2CBA230E2FD20014F19C /* Controller */ = {
			isa = PBXGroup;
			children = (
				14DB2CBB230E2FD20014F19C /* MineTableViewController.swift */,
				14DB2CBC230E2FD20014F19C /* PresentChooseViewController.swift */,
				1417FB3423715B1E00EB65F6 /* NSObject+HTTestCategory.h */,
				1417FB3523715B1E00EB65F6 /* NSObject+HTTestCategory.m */,
			);
			path = Controller;
			sourceTree = "<group>";
		};
		14DB2CBD230E2FD20014F19C /* Model */ = {
			isa = PBXGroup;
			children = (
				14DB2CBE230E2FD20014F19C /* PresentDataModel.swift */,
				14DB2CBF230E2FD20014F19C /* CradsModel.swift */,
			);
			path = Model;
			sourceTree = "<group>";
		};
		14DB2CC0230E2FD20014F19C /* View */ = {
			isa = PBXGroup;
			children = (
				14DB2CC1230E2FD20014F19C /* ChooseTypeTableViewCell.swift */,
				14DB2CC2230E2FD20014F19C /* TableViewCell.swift */,
				14DB2CC3230E2FD20014F19C /* ChooseTypeHeaderView.swift */,
				14DB2CC4230E2FD20014F19C /* TableViewCell.xib */,
				1410BFC9244DCE2600CF5F32 /* HTCustomAlertView.swift */,
			);
			path = View;
			sourceTree = "<group>";
		};
		14DB2CC5230E2FD20014F19C /* Commons */ = {
			isa = PBXGroup;
			children = (
				1424690B230F8C92008E6987 /* QRCode */,
				14DB2CC6230E2FD20014F19C /* HelperClass.swift */,
				14022710231D0004006B0063 /* YTBubbleView.swift */,
				1440A53C23142BB900165CA5 /* HTColors.swift */,
				14DB2CC7230E2FD20014F19C /* 文档 */,
				14DB2CC8230E2FD20014F19C /* HTWebViewViewController.swift */,
				140D49D42314E00900FDA4E8 /* NetworkError.html */,
				14022716231E367F006B0063 /* HTNODataView.swift */,
				141F7BF92320A981001B1716 /* HTTimeHelper.swift */,
				1454FDF923D1AEA6008539F7 /* HTFontClass.swift */,
			);
			path = Commons;
			sourceTree = "<group>";
		};
		14DB2CC9230E2FD20014F19C /* 体育 */ = {
			isa = PBXGroup;
			children = (
				1440A53223138C3400165CA5 /* Model */,
				1440A53123138C2E00165CA5 /* View */,
				14DB2CCA230E2FD20014F19C /* Controller */,
			);
			path = "体育";
			sourceTree = "<group>";
		};
		14DB2CCA230E2FD20014F19C /* Controller */ = {
			isa = PBXGroup;
			children = (
				14DB2CCB230E2FD20014F19C /* HTNewsTableViewController.swift */,
				14DB2CCC230E2FD20014F19C /* SportsTableViewController.swift */,
			);
			path = Controller;
			sourceTree = "<group>";
		};
		14DB2CCD230E2FD20014F19C /* Other */ = {
			isa = PBXGroup;
			children = (
				14DB2D1A230E33190014F19C /* Info.plist */,
				14DB2CCE230E2FD20014F19C /* ViewController.swift */,
				14DB2CCF230E2FD20014F19C /* RootTabBarViewController.swift */,
				14DB2CD0230E2FD20014F19C /* Assets.xcassets */,
				14DB2CD1230E2FD20014F19C /* OCViewController.m */,
				14DB2CD2230E2FD20014F19C /* LaunchScreen.storyboard */,
				14DB2CD4230E2FD20014F19C /* Main.storyboard */,
				14DB2CD6230E2FD20014F19C /* SportsLife-Bridging-Header.h */,
				14DB2CD8230E2FD20014F19C /* HTBaseViewController.swift */,
				14DB2CD9230E2FD20014F19C /* AppDelegate.swift */,
				14DB2CDB230E2FD20014F19C /* OCViewController.h */,
				14246914230FC4EC008E6987 /* HTBaseTableViewController.swift */,
				140DB2C12333319600F87692 /* HTCustomViewController.swift */,
				1454FE0323D2ABE1008539F7 /* Localizable.strings */,
			);
			path = Other;
			sourceTree = "<group>";
		};
		14DB2CDC230E2FD20014F19C /* 购物 */ = {
			isa = PBXGroup;
			children = (
				14DB2CDD230E2FD20014F19C /* Controller */,
			);
			path = "购物";
			sourceTree = "<group>";
		};
		14DB2CDD230E2FD20014F19C /* Controller */ = {
			isa = PBXGroup;
			children = (
				1402271F231E4B94006B0063 /* View */,
				1402271C231E4570006B0063 /* Model */,
				14DB2CDE230E2FD20014F19C /* ShopCollectionViewController.swift */,
				14022718231E4486006B0063 /* HTBaseVideoViewController.swift */,
				1402271A231E450E006B0063 /* HTVideoViewController.swift */,
			);
			path = Controller;
			sourceTree = "<group>";
		};
		14DB2CDF230E2FD20014F19C /* Base.lproj */ = {
			isa = PBXGroup;
			children = (
			);
			path = Base.lproj;
			sourceTree = "<group>";
		};
		14DB2CE0230E2FD20014F19C /* 游戏 */ = {
			isa = PBXGroup;
			children = (
				146517E22316905100A7E19D /* View */,
				146517E12316904700A7E19D /* Model */,
				14DB2CE1230E2FD20014F19C /* Controller */,
			);
			path = "游戏";
			sourceTree = "<group>";
		};
		14DB2CE1230E2FD20014F19C /* Controller */ = {
			isa = PBXGroup;
			children = (
				14DB2CE2230E2FD20014F19C /* GamesTableViewController.swift */,
				146517E52317A79900A7E19D /* HTRankBaseViewController.swift */,
				14022712231E00C5006B0063 /* HTRankViewController.swift */,
				140DB2BD233312CA00F87692 /* HTTeamDataTableViewController.swift */,
				14AA909F233858AA004B4D3B /* HTTeamDataBaseViewController.swift */,
				1417FB3723715DC000EB65F6 /* SwiftUIView.swift */,
			);
			path = Controller;
			sourceTree = "<group>";
		};
		4EB67C44752F295A0C4B1E3F /* Frameworks */ = {
			isa = PBXGroup;
			children = (
				140AFF912356F74C00C22C22 /* CoreMotion.framework */,
				140AFF8F2356F74200C22C22 /* libsqlite3.tbd */,
				140AFF8D2356F73A00C22C22 /* libresolv.tbd */,
				140AFF8B2356F73200C22C22 /* libz.tbd */,
				14DB2D16230E318C0014F19C /* UIKit.framework */,
				14DB2D14230E31850014F19C /* Security.framework */,
				14DB2D12230E317E0014F19C /* SystemConfiguration.framework */,
				14DB2D10230E31780014F19C /* QuartzCore.framework */,
				14DB2D0E230E316F0014F19C /* MobileCoreServices.framework */,
				14DB2D0C230E31610014F19C /* ImageIO.framework */,
				14DB2D0A230E31590014F19C /* Foundation.framework */,
				14DB2D08230E31510014F19C /* CoreTelephony.framework */,
				14DB2D06230E314A0014F19C /* CoreText.framework */,
				14DB2D04230E31430014F19C /* CoreImage.framework */,
				14DB2D02230E313B0014F19C /* CoreGraphics.framework */,
				14DB2D00230E31310014F19C /* CoreFoundation.framework */,
				14DB2CFE230E312A0014F19C /* AssetsLibrary.framework */,
				14DB2CFC230E31220014F19C /* Accelerate.framework */,
				533DA9604F19D714F6EF2D3C /* Pods_SportsLife.framework */,
			);
			name = Frameworks;
			sourceTree = "<group>";
		};
		7AB809E48B907A64C8CD18D5 /* Pods */ = {
			isa = PBXGroup;
			children = (
				F2A99BEDBCB5F1133A2B86D5 /* Pods-SportsLife.debug.xcconfig */,
				9010FD7F5F87282C8D9FF689 /* Pods-SportsLife.release.xcconfig */,
			);
			name = Pods;
			sourceTree = "<group>";
		};
		7EFC389320DA2884005616D0 = {
			isa = PBXGroup;
			children = (
				7E7F32FF20DB9D1D00AA02EE /* Podfile */,
				7EFC38D120DA2CCE005616D0 /* Default-568h@2x.png */,
				7EFC389E20DA2884005616D0 /* SportsLife */,
				7EFC389D20DA2884005616D0 /* Products */,
				7AB809E48B907A64C8CD18D5 /* Pods */,
				4EB67C44752F295A0C4B1E3F /* Frameworks */,
			);
			sourceTree = "<group>";
		};
		7EFC389D20DA2884005616D0 /* Products */ = {
			isa = PBXGroup;
			children = (
				7EFC389C20DA2884005616D0 /* SportsLife.app */,
			);
			name = Products;
			sourceTree = "<group>";
		};
		7EFC389E20DA2884005616D0 /* SportsLife */ = {
			isa = PBXGroup;
			children = (
				1440A53323138C4A00165CA5 /* Network */,
				14DB2CB9230E2FD20014F19C /* 个人中心 */,
				14DB2CDC230E2FD20014F19C /* 购物 */,
				14DB2CC9230E2FD20014F19C /* 体育 */,
				14DB2CE0230E2FD20014F19C /* 游戏 */,
				14DB2CDF230E2FD20014F19C /* Base.lproj */,
				14DB2CC5230E2FD20014F19C /* Commons */,
				14DB2CCD230E2FD20014F19C /* Other */,
			);
			path = SportsLife;
			sourceTree = "<group>";
		};
/* End PBXGroup section */

/* Begin PBXNativeTarget section */
		7EFC389B20DA2884005616D0 /* SportsLife */ = {
			isa = PBXNativeTarget;
			buildConfigurationList = 7EFC38AE20DA2884005616D0 /* Build configuration list for PBXNativeTarget "SportsLife" */;
			buildPhases = (
				98B538F66ED60B67A1F543CD /* [CP] Check Pods Manifest.lock */,
				7EFC389820DA2884005616D0 /* Sources */,
				7EFC389920DA2884005616D0 /* Frameworks */,
				7EFC389A20DA2884005616D0 /* Resources */,
				0BB994108FD243068EDC2296 /* [CP] Embed Pods Frameworks */,
				76ECF86F8D3C846E274DD33E /* [CP] Copy Pods Resources */,
			);
			buildRules = (
			);
			dependencies = (
			);
			name = SportsLife;
			productName = SportsLife;
			productReference = 7EFC389C20DA2884005616D0 /* SportsLife.app */;
			productType = "com.apple.product-type.application";
		};
/* End PBXNativeTarget section */

/* Begin PBXProject section */
		7EFC389420DA2884005616D0 /* Project object */ = {
			isa = PBXProject;
			attributes = {
				CLASSPREFIX = HT;
				LastSwiftUpdateCheck = 0920;
				LastUpgradeCheck = 1030;
				ORGANIZATIONNAME = west;
				TargetAttributes = {
					7EFC389B20DA2884005616D0 = {
						CreatedOnToolsVersion = 9.2;
						LastSwiftMigration = 0920;
						ProvisioningStyle = Automatic;
					};
				};
			};
			buildConfigurationList = 7EFC389720DA2884005616D0 /* Build configuration list for PBXProject "SportsLife" */;
			compatibilityVersion = "Xcode 8.0";
			developmentRegion = en;
			hasScannedForEncodings = 0;
			knownRegions = (
				en,
				Base,
				"zh-Hans",
			);
			mainGroup = 7EFC389320DA2884005616D0;
			productRefGroup = 7EFC389D20DA2884005616D0 /* Products */;
			projectDirPath = "";
			projectRoot = "";
			targets = (
				7EFC389B20DA2884005616D0 /* SportsLife */,
			);
		};
/* End PBXProject section */

/* Begin PBXResourcesBuildPhase section */
		7EFC389A20DA2884005616D0 /* Resources */ = {
			isa = PBXResourcesBuildPhase;
			buildActionMask = 2147483647;
			files = (
				140AFF8A2356F5A400C22C22 /* AliyunEmasServices-Info.plist in Resources */,
				144D22D924518077005FE88C /* InfoPlist.strings in Resources */,
				14DB2CF5230E2FD20014F19C /* Main.storyboard in Resources */,
				1454FE0123D2ABE1008539F7 /* Localizable.strings in Resources */,
				14DB2CEC230E2FD20014F19C /* 文档 in Resources */,
				140D49D52314E00900FDA4E8 /* NetworkError.html in Resources */,
				7E7F330020DB9D1E00AA02EE /* Podfile in Resources */,
				14DB2CEA230E2FD20014F19C /* TableViewCell.xib in Resources */,
				14246913230FB606008E6987 /* tipsSound.mp3 in Resources */,
				14DB2CF4230E2FD20014F19C /* LaunchScreen.storyboard in Resources */,
				7EFC38D220DA2CCE005616D0 /* Default-568h@2x.png in Resources */,
				14DB2CF2230E2FD20014F19C /* Assets.xcassets in Resources */,
			);
			runOnlyForDeploymentPostprocessing = 0;
		};
/* End PBXResourcesBuildPhase section */

/* Begin PBXShellScriptBuildPhase section */
		0BB994108FD243068EDC2296 /* [CP] Embed Pods Frameworks */ = {
			isa = PBXShellScriptBuildPhase;
			buildActionMask = 2147483647;
			files = (
			);
			inputPaths = (
				"${PODS_ROOT}/Target Support Files/Pods-SportsLife/Pods-SportsLife-frameworks.sh",
				"${BUILT_PRODUCTS_DIR}/AFNetworking/AFNetworking.framework",
				"${BUILT_PRODUCTS_DIR}/Alamofire/Alamofire.framework",
				"${BUILT_PRODUCTS_DIR}/FMDB/FMDB.framework",
				"${BUILT_PRODUCTS_DIR}/GoogleUtilities/GoogleUtilities.framework",
				"${BUILT_PRODUCTS_DIR}/IQKeyboardManager/IQKeyboardManager.framework",
				"${BUILT_PRODUCTS_DIR}/JSONModel/JSONModel.framework",
				"${BUILT_PRODUCTS_DIR}/Kingfisher/Kingfisher.framework",
				"${BUILT_PRODUCTS_DIR}/MBProgressHUD/MBProgressHUD.framework",
				"${BUILT_PRODUCTS_DIR}/MJRefresh/MJRefresh.framework",
				"${BUILT_PRODUCTS_DIR}/Masonry/Masonry.framework",
				"${BUILT_PRODUCTS_DIR}/RxCocoa/RxCocoa.framework",
				"${BUILT_PRODUCTS_DIR}/RxRelay/RxRelay.framework",
				"${BUILT_PRODUCTS_DIR}/RxSwift/RxSwift.framework",
				"${BUILT_PRODUCTS_DIR}/SDWebImage/SDWebImage.framework",
				"${BUILT_PRODUCTS_DIR}/SnapKit/SnapKit.framework",
				"${BUILT_PRODUCTS_DIR}/SwiftyJSON/SwiftyJSON.framework",
				"${BUILT_PRODUCTS_DIR}/WMPageController/WMPageController.framework",
				"${BUILT_PRODUCTS_DIR}/XLPagerTabStrip/XLPagerTabStrip.framework",
				"${BUILT_PRODUCTS_DIR}/YYKit/YYKit.framework",
				"${BUILT_PRODUCTS_DIR}/Zip/Zip.framework",
				"${BUILT_PRODUCTS_DIR}/nanopb/nanopb.framework",
			);
			name = "[CP] Embed Pods Frameworks";
			outputPaths = (
				"${TARGET_BUILD_DIR}/${FRAMEWORKS_FOLDER_PATH}/AFNetworking.framework",
				"${TARGET_BUILD_DIR}/${FRAMEWORKS_FOLDER_PATH}/Alamofire.framework",
				"${TARGET_BUILD_DIR}/${FRAMEWORKS_FOLDER_PATH}/FMDB.framework",
				"${TARGET_BUILD_DIR}/${FRAMEWORKS_FOLDER_PATH}/GoogleUtilities.framework",
				"${TARGET_BUILD_DIR}/${FRAMEWORKS_FOLDER_PATH}/IQKeyboardManager.framework",
				"${TARGET_BUILD_DIR}/${FRAMEWORKS_FOLDER_PATH}/JSONModel.framework",
				"${TARGET_BUILD_DIR}/${FRAMEWORKS_FOLDER_PATH}/Kingfisher.framework",
				"${TARGET_BUILD_DIR}/${FRAMEWORKS_FOLDER_PATH}/MBProgressHUD.framework",
				"${TARGET_BUILD_DIR}/${FRAMEWORKS_FOLDER_PATH}/MJRefresh.framework",
				"${TARGET_BUILD_DIR}/${FRAMEWORKS_FOLDER_PATH}/Masonry.framework",
				"${TARGET_BUILD_DIR}/${FRAMEWORKS_FOLDER_PATH}/RxCocoa.framework",
				"${TARGET_BUILD_DIR}/${FRAMEWORKS_FOLDER_PATH}/RxRelay.framework",
				"${TARGET_BUILD_DIR}/${FRAMEWORKS_FOLDER_PATH}/RxSwift.framework",
				"${TARGET_BUILD_DIR}/${FRAMEWORKS_FOLDER_PATH}/SDWebImage.framework",
				"${TARGET_BUILD_DIR}/${FRAMEWORKS_FOLDER_PATH}/SnapKit.framework",
				"${TARGET_BUILD_DIR}/${FRAMEWORKS_FOLDER_PATH}/SwiftyJSON.framework",
				"${TARGET_BUILD_DIR}/${FRAMEWORKS_FOLDER_PATH}/WMPageController.framework",
				"${TARGET_BUILD_DIR}/${FRAMEWORKS_FOLDER_PATH}/XLPagerTabStrip.framework",
				"${TARGET_BUILD_DIR}/${FRAMEWORKS_FOLDER_PATH}/YYKit.framework",
				"${TARGET_BUILD_DIR}/${FRAMEWORKS_FOLDER_PATH}/Zip.framework",
				"${TARGET_BUILD_DIR}/${FRAMEWORKS_FOLDER_PATH}/nanopb.framework",
			);
			runOnlyForDeploymentPostprocessing = 0;
			shellPath = /bin/sh;
			shellScript = "\"${PODS_ROOT}/Target Support Files/Pods-SportsLife/Pods-SportsLife-frameworks.sh\"\n";
			showEnvVarsInLog = 0;
		};
		76ECF86F8D3C846E274DD33E /* [CP] Copy Pods Resources */ = {
			isa = PBXShellScriptBuildPhase;
			buildActionMask = 2147483647;
			files = (
			);
			inputPaths = (
				"${PODS_ROOT}/Target Support Files/Pods-SportsLife/Pods-SportsLife-resources.sh",
				"${PODS_ROOT}/UMengUShare/UShareSDK/UMSocialSDK/UMSocialSDKPromptResources.bundle",
				"${PODS_ROOT}/UMengUShare/UShareSDK/SocialLibraries/QQ/QQSDK/TencentOpenApi_IOS_Bundle.bundle",
				"${PODS_ROOT}/UMengUShare/UShareSDK/SocialLibraries/Sina/SinaSDK/WeiboSDK.bundle",
				"${PODS_ROOT}/UMengUShare/UShareSDK/UMSocialUI/UMSocialSDKResources.bundle",
				"${PODS_ROOT}/YWFeedbackFMWK/YWFeedbackBundle.bundle",
			);
			name = "[CP] Copy Pods Resources";
			outputPaths = (
				"${TARGET_BUILD_DIR}/${UNLOCALIZED_RESOURCES_FOLDER_PATH}/UMSocialSDKPromptResources.bundle",
				"${TARGET_BUILD_DIR}/${UNLOCALIZED_RESOURCES_FOLDER_PATH}/TencentOpenApi_IOS_Bundle.bundle",
				"${TARGET_BUILD_DIR}/${UNLOCALIZED_RESOURCES_FOLDER_PATH}/WeiboSDK.bundle",
				"${TARGET_BUILD_DIR}/${UNLOCALIZED_RESOURCES_FOLDER_PATH}/UMSocialSDKResources.bundle",
				"${TARGET_BUILD_DIR}/${UNLOCALIZED_RESOURCES_FOLDER_PATH}/YWFeedbackBundle.bundle",
			);
			runOnlyForDeploymentPostprocessing = 0;
			shellPath = /bin/sh;
			shellScript = "\"${PODS_ROOT}/Target Support Files/Pods-SportsLife/Pods-SportsLife-resources.sh\"\n";
			showEnvVarsInLog = 0;
		};
		98B538F66ED60B67A1F543CD /* [CP] Check Pods Manifest.lock */ = {
			isa = PBXShellScriptBuildPhase;
			buildActionMask = 2147483647;
			files = (
			);
			inputPaths = (
				"${PODS_PODFILE_DIR_PATH}/Podfile.lock",
				"${PODS_ROOT}/Manifest.lock",
			);
			name = "[CP] Check Pods Manifest.lock";
			outputPaths = (
				"$(DERIVED_FILE_DIR)/Pods-SportsLife-checkManifestLockResult.txt",
			);
			runOnlyForDeploymentPostprocessing = 0;
			shellPath = /bin/sh;
			shellScript = "diff \"${PODS_PODFILE_DIR_PATH}/Podfile.lock\" \"${PODS_ROOT}/Manifest.lock\" > /dev/null\nif [ $? != 0 ] ; then\n    # print error to STDERR\n    echo \"error: The sandbox is not in sync with the Podfile.lock. Run 'pod install' or update your CocoaPods installation.\" >&2\n    exit 1\nfi\n# This output is used by Xcode 'outputs' to avoid re-running this script phase.\necho \"SUCCESS\" > \"${SCRIPT_OUTPUT_FILE_0}\"\n";
			showEnvVarsInLog = 0;
		};
/* End PBXShellScriptBuildPhase section */

/* Begin PBXSourcesBuildPhase section */
		7EFC389820DA2884005616D0 /* Sources */ = {
			isa = PBXSourcesBuildPhase;
			buildActionMask = 2147483647;
			files = (
				14353BF4234199FE00665C17 /* HTSquadTableViewCell.swift in Sources */,
				143EA0FE235D7D5D00941ACB /* HTVideoPlayerViewController.swift in Sources */,
				14DB2CE3230E2FD20014F19C /* MineTableViewController.swift in Sources */,
				14AA90DC2339B3F1004B4D3B /* HTTeamDataTableViewCell.swift in Sources */,
				1454FDFA23D1AEA6008539F7 /* HTFontClass.swift in Sources */,
				141F7BFA2320A981001B1716 /* HTTimeHelper.swift in Sources */,
				14DB2CE9230E2FD20014F19C /* ChooseTypeHeaderView.swift in Sources */,
				14DB2CF3230E2FD20014F19C /* OCViewController.m in Sources */,
				14DB2CEB230E2FD20014F19C /* HelperClass.swift in Sources */,
				1424690D230F8D0B008E6987 /* HTQRCodeViewController.swift in Sources */,
				1440A53523138C8700165CA5 /* HTServices.swift in Sources */,
				146517E42316C3CB00A7E19D /* HTRankModel.swift in Sources */,
				14022721231E4BB4006B0063 /* HTVideoTableViewCell.swift in Sources */,
				1403313E231652D800CFC872 /* HTRankTableViewCell.swift in Sources */,
				1407454B2330C38A0052061F /* HTScoreTableViewCell.swift in Sources */,
				14246915230FC4EC008E6987 /* HTBaseTableViewController.swift in Sources */,
				14353BF6234DAC3E00665C17 /* HTScheduleTableViewCell.swift in Sources */,
				14AA90A0233858AA004B4D3B /* HTTeamDataBaseViewController.swift in Sources */,
				14DB2CE6230E2FD20014F19C /* CradsModel.swift in Sources */,
				14022719231E4486006B0063 /* HTBaseVideoViewController.swift in Sources */,
				14DB2CFA230E2FD20014F19C /* ShopCollectionViewController.swift in Sources */,
				14DB2CED230E2FD20014F19C /* HTWebViewViewController.swift in Sources */,
				14DB2CE7230E2FD20014F19C /* ChooseTypeTableViewCell.swift in Sources */,
				1440A53D23142BB900165CA5 /* HTColors.swift in Sources */,
				14022713231E00C5006B0063 /* HTRankViewController.swift in Sources */,
				14022711231D0004006B0063 /* YTBubbleView.swift in Sources */,
				140DB2BE233312CA00F87692 /* HTTeamDataTableViewController.swift in Sources */,
				14DB2CF0230E2FD20014F19C /* ViewController.swift in Sources */,
				140DB2C023331F9800F87692 /* HTTeamDataModel.swift in Sources */,
				1402271B231E450E006B0063 /* HTVideoViewController.swift in Sources */,
				14DB2CE8230E2FD20014F19C /* TableViewCell.swift in Sources */,
				14DB2CE5230E2FD20014F19C /* PresentDataModel.swift in Sources */,
				1440A53B2313DA7600165CA5 /* HTNewsDataViewModel.swift in Sources */,
				14AA90DE2339B403004B4D3B /* HTCellHeaderView.swift in Sources */,
				146517E62317A79900A7E19D /* HTRankBaseViewController.swift in Sources */,
				14DB2CF7230E2FD20014F19C /* HTBaseViewController.swift in Sources */,
				1410BFCA244DCE2600CF5F32 /* HTCustomAlertView.swift in Sources */,
				14DB2CEE230E2FD20014F19C /* HTNewsTableViewController.swift in Sources */,
				14DB2CE4230E2FD20014F19C /* PresentChooseViewController.swift in Sources */,
				1440A5392313D9AD00165CA5 /* HTNewsModel.swift in Sources */,
				1417FB3623715B1E00EB65F6 /* NSObject+HTTestCategory.m in Sources */,
				140DB2C22333319600F87692 /* HTCustomViewController.swift in Sources */,
				14246911230F8DEA008E6987 /* HTQRCode.swift in Sources */,
				14DB2CEF230E2FD20014F19C /* SportsTableViewController.swift in Sources */,
				14022717231E367F006B0063 /* HTNODataView.swift in Sources */,
				1402271E231E4582006B0063 /* HTVideoModel.swift in Sources */,
				1417FB3823715DC000EB65F6 /* SwiftUIView.swift in Sources */,
				14AA90E02339BB22004B4D3B /* HTplayerInfoCollectionViewCell.swift in Sources */,
				14DB2CF8230E2FD20014F19C /* AppDelegate.swift in Sources */,
				1424690F230F8D2C008E6987 /* HTQRErrorViewController.swift in Sources */,
				1440A5372313D00600165CA5 /* HTHotNewsTableViewCell.swift in Sources */,
				14DB2CF1230E2FD20014F19C /* RootTabBarViewController.swift in Sources */,
			);
			runOnlyForDeploymentPostprocessing = 0;
		};
/* End PBXSourcesBuildPhase section */

/* Begin PBXVariantGroup section */
		144D22D224517FB3005FE88C /* Info.plist */ = {
			isa = PBXVariantGroup;
			children = (
				144D22D424517FC1005FE88C /* en */,
			);
			name = Info.plist;
			sourceTree = "<group>";
		};
		144D22DB24518077005FE88C /* InfoPlist.strings */ = {
			isa = PBXVariantGroup;
			children = (
				144D22DA24518077005FE88C /* en */,
				144D22DC2451807C005FE88C /* zh-Hans */,
			);
			name = InfoPlist.strings;
			sourceTree = "<group>";
		};
		1454FE0323D2ABE1008539F7 /* Localizable.strings */ = {
			isa = PBXVariantGroup;
			children = (
				1454FE0223D2ABE1008539F7 /* zh-Hans */,
				1454FE0423D2AC16008539F7 /* en */,
			);
			name = Localizable.strings;
			sourceTree = "<group>";
		};
		14DB2CD2230E2FD20014F19C /* LaunchScreen.storyboard */ = {
			isa = PBXVariantGroup;
			children = (
				14DB2CD3230E2FD20014F19C /* Base */,
				1454FDFF23D2AB5C008539F7 /* zh-Hans */,
			);
			name = LaunchScreen.storyboard;
			sourceTree = "<group>";
		};
		14DB2CD4230E2FD20014F19C /* Main.storyboard */ = {
			isa = PBXVariantGroup;
			children = (
				14DB2CD5230E2FD20014F19C /* Base */,
				1454FE0023D2AB5C008539F7 /* zh-Hans */,
			);
			name = Main.storyboard;
			sourceTree = "<group>";
		};
/* End PBXVariantGroup section */

/* Begin XCBuildConfiguration section */
		7EFC38AC20DA2884005616D0 /* Debug */ = {
			isa = XCBuildConfiguration;
			buildSettings = {
				ALWAYS_SEARCH_USER_PATHS = NO;
				CLANG_ANALYZER_LOCALIZABILITY_NONLOCALIZED = YES;
				CLANG_ANALYZER_NONNULL = YES;
				CLANG_ANALYZER_NUMBER_OBJECT_CONVERSION = YES_AGGRESSIVE;
				CLANG_CXX_LANGUAGE_STANDARD = "gnu++14";
				CLANG_CXX_LIBRARY = "libc++";
				CLANG_ENABLE_MODULES = YES;
				CLANG_ENABLE_OBJC_ARC = YES;
				CLANG_WARN_BLOCK_CAPTURE_AUTORELEASING = YES;
				CLANG_WARN_BOOL_CONVERSION = YES;
				CLANG_WARN_COMMA = YES;
				CLANG_WARN_CONSTANT_CONVERSION = YES;
				CLANG_WARN_DEPRECATED_OBJC_IMPLEMENTATIONS = YES;
				CLANG_WARN_DIRECT_OBJC_ISA_USAGE = YES_ERROR;
				CLANG_WARN_DOCUMENTATION_COMMENTS = YES;
				CLANG_WARN_EMPTY_BODY = YES;
				CLANG_WARN_ENUM_CONVERSION = YES;
				CLANG_WARN_INFINITE_RECURSION = YES;
				CLANG_WARN_INT_CONVERSION = YES;
				CLANG_WARN_NON_LITERAL_NULL_CONVERSION = YES;
				CLANG_WARN_OBJC_IMPLICIT_RETAIN_SELF = YES;
				CLANG_WARN_OBJC_LITERAL_CONVERSION = YES;
				CLANG_WARN_OBJC_ROOT_CLASS = YES_ERROR;
				CLANG_WARN_RANGE_LOOP_ANALYSIS = YES;
				CLANG_WARN_STRICT_PROTOTYPES = YES;
				CLANG_WARN_SUSPICIOUS_MOVE = YES;
				CLANG_WARN_UNGUARDED_AVAILABILITY = YES_AGGRESSIVE;
				CLANG_WARN_UNREACHABLE_CODE = YES;
				CLANG_WARN__DUPLICATE_METHOD_MATCH = YES;
				CODE_SIGN_IDENTITY = "iPhone Developer";
				COPY_PHASE_STRIP = NO;
				DEBUG_INFORMATION_FORMAT = dwarf;
				ENABLE_STRICT_OBJC_MSGSEND = YES;
				ENABLE_TESTABILITY = YES;
				GCC_C_LANGUAGE_STANDARD = gnu11;
				GCC_DYNAMIC_NO_PIC = NO;
				GCC_NO_COMMON_BLOCKS = YES;
				GCC_OPTIMIZATION_LEVEL = 0;
				GCC_PREPROCESSOR_DEFINITIONS = (
					"DEBUG=1",
					"$(inherited)",
				);
				GCC_WARN_64_TO_32_BIT_CONVERSION = YES;
				GCC_WARN_ABOUT_RETURN_TYPE = YES_ERROR;
				GCC_WARN_UNDECLARED_SELECTOR = YES;
				GCC_WARN_UNINITIALIZED_AUTOS = YES_AGGRESSIVE;
				GCC_WARN_UNUSED_FUNCTION = YES;
				GCC_WARN_UNUSED_VARIABLE = YES;
				IPHONEOS_DEPLOYMENT_TARGET = 11.2;
				MTL_ENABLE_DEBUG_INFO = YES;
				ONLY_ACTIVE_ARCH = YES;
				SDKROOT = iphoneos;
				SWIFT_ACTIVE_COMPILATION_CONDITIONS = DEBUG;
				SWIFT_OPTIMIZATION_LEVEL = "-Onone";
			};
			name = Debug;
		};
		7EFC38AD20DA2884005616D0 /* Release */ = {
			isa = XCBuildConfiguration;
			buildSettings = {
				ALWAYS_SEARCH_USER_PATHS = NO;
				CLANG_ANALYZER_LOCALIZABILITY_NONLOCALIZED = YES;
				CLANG_ANALYZER_NONNULL = YES;
				CLANG_ANALYZER_NUMBER_OBJECT_CONVERSION = YES_AGGRESSIVE;
				CLANG_CXX_LANGUAGE_STANDARD = "gnu++14";
				CLANG_CXX_LIBRARY = "libc++";
				CLANG_ENABLE_MODULES = YES;
				CLANG_ENABLE_OBJC_ARC = YES;
				CLANG_WARN_BLOCK_CAPTURE_AUTORELEASING = YES;
				CLANG_WARN_BOOL_CONVERSION = YES;
				CLANG_WARN_COMMA = YES;
				CLANG_WARN_CONSTANT_CONVERSION = YES;
				CLANG_WARN_DEPRECATED_OBJC_IMPLEMENTATIONS = YES;
				CLANG_WARN_DIRECT_OBJC_ISA_USAGE = YES_ERROR;
				CLANG_WARN_DOCUMENTATION_COMMENTS = YES;
				CLANG_WARN_EMPTY_BODY = YES;
				CLANG_WARN_ENUM_CONVERSION = YES;
				CLANG_WARN_INFINITE_RECURSION = YES;
				CLANG_WARN_INT_CONVERSION = YES;
				CLANG_WARN_NON_LITERAL_NULL_CONVERSION = YES;
				CLANG_WARN_OBJC_IMPLICIT_RETAIN_SELF = YES;
				CLANG_WARN_OBJC_LITERAL_CONVERSION = YES;
				CLANG_WARN_OBJC_ROOT_CLASS = YES_ERROR;
				CLANG_WARN_RANGE_LOOP_ANALYSIS = YES;
				CLANG_WARN_STRICT_PROTOTYPES = YES;
				CLANG_WARN_SUSPICIOUS_MOVE = YES;
				CLANG_WARN_UNGUARDED_AVAILABILITY = YES_AGGRESSIVE;
				CLANG_WARN_UNREACHABLE_CODE = YES;
				CLANG_WARN__DUPLICATE_METHOD_MATCH = YES;
				CODE_SIGN_IDENTITY = "iPhone Developer";
				COPY_PHASE_STRIP = NO;
				DEBUG_INFORMATION_FORMAT = "dwarf-with-dsym";
				ENABLE_NS_ASSERTIONS = NO;
				ENABLE_STRICT_OBJC_MSGSEND = YES;
				GCC_C_LANGUAGE_STANDARD = gnu11;
				GCC_NO_COMMON_BLOCKS = YES;
				GCC_WARN_64_TO_32_BIT_CONVERSION = YES;
				GCC_WARN_ABOUT_RETURN_TYPE = YES_ERROR;
				GCC_WARN_UNDECLARED_SELECTOR = YES;
				GCC_WARN_UNINITIALIZED_AUTOS = YES_AGGRESSIVE;
				GCC_WARN_UNUSED_FUNCTION = YES;
				GCC_WARN_UNUSED_VARIABLE = YES;
				IPHONEOS_DEPLOYMENT_TARGET = 11.2;
				MTL_ENABLE_DEBUG_INFO = NO;
				SDKROOT = iphoneos;
				SWIFT_OPTIMIZATION_LEVEL = "-Owholemodule";
				VALIDATE_PRODUCT = YES;
			};
			name = Release;
		};
		7EFC38AF20DA2884005616D0 /* Debug */ = {
			isa = XCBuildConfiguration;
			baseConfigurationReference = F2A99BEDBCB5F1133A2B86D5 /* Pods-SportsLife.debug.xcconfig */;
			buildSettings = {
				ASSETCATALOG_COMPILER_APPICON_NAME = AppIcon;
				ASSETCATALOG_COMPILER_LAUNCHIMAGE_NAME = LaunchImage;
				CLANG_ENABLE_MODULES = YES;
				CODE_SIGN_ENTITLEMENTS = SportsLife/SportsLifeDebug.entitlements;
				CODE_SIGN_STYLE = Automatic;
				CURRENT_PROJECT_VERSION = 3;
				DEVELOPMENT_TEAM = 8NC9AT93C5;
				FRAMEWORK_SEARCH_PATHS = (
					"$(inherited)",
					"$(PROJECT_DIR)/SportsLife/个人中心/阿里云",
				);
				INFOPLIST_FILE = "$(SRCROOT)/SportsLife/Other/Info.plist";
				IPHONEOS_DEPLOYMENT_TARGET = 11.0;
				LD_RUNPATH_SEARCH_PATHS = "$(inherited) @executable_path/Frameworks";
				PRODUCT_BUNDLE_IDENTIFIER = com.west.SportsLife;
				PRODUCT_NAME = "$(TARGET_NAME)";
				SWIFT_OBJC_BRIDGING_HEADER = "$(SRCROOT)/SportsLife/Other/SportsLife-Bridging-Header.h";
				SWIFT_OPTIMIZATION_LEVEL = "-Onone";
				SWIFT_VERSION = 5.0;
				TARGETED_DEVICE_FAMILY = 1;
			};
			name = Debug;
		};
		7EFC38B020DA2884005616D0 /* Release */ = {
			isa = XCBuildConfiguration;
			baseConfigurationReference = 9010FD7F5F87282C8D9FF689 /* Pods-SportsLife.release.xcconfig */;
			buildSettings = {
				ASSETCATALOG_COMPILER_APPICON_NAME = AppIcon;
				ASSETCATALOG_COMPILER_LAUNCHIMAGE_NAME = LaunchImage;
				CLANG_ENABLE_MODULES = YES;
				CODE_SIGN_ENTITLEMENTS = SportsLife/SportsLifeRelease.entitlements;
				CODE_SIGN_STYLE = Automatic;
				CURRENT_PROJECT_VERSION = 3;
				DEVELOPMENT_TEAM = 8NC9AT93C5;
				FRAMEWORK_SEARCH_PATHS = (
					"$(inherited)",
					"$(PROJECT_DIR)/SportsLife/个人中心/阿里云",
				);
				INFOPLIST_FILE = "$(SRCROOT)/SportsLife/Other/Info.plist";
				IPHONEOS_DEPLOYMENT_TARGET = 11.0;
				LD_RUNPATH_SEARCH_PATHS = "$(inherited) @executable_path/Frameworks";
				PRODUCT_BUNDLE_IDENTIFIER = com.west.SportsLife;
				PRODUCT_NAME = "$(TARGET_NAME)";
				SWIFT_OBJC_BRIDGING_HEADER = "$(SRCROOT)/SportsLife/Other/SportsLife-Bridging-Header.h";
				SWIFT_VERSION = 5.0;
				TARGETED_DEVICE_FAMILY = 1;
			};
			name = Release;
		};
/* End XCBuildConfiguration section */

/* Begin XCConfigurationList section */
		7EFC389720DA2884005616D0 /* Build configuration list for PBXProject "SportsLife" */ = {
			isa = XCConfigurationList;
			buildConfigurations = (
				7EFC38AC20DA2884005616D0 /* Debug */,
				7EFC38AD20DA2884005616D0 /* Release */,
			);
			defaultConfigurationIsVisible = 0;
			defaultConfigurationName = Release;
		};
		7EFC38AE20DA2884005616D0 /* Build configuration list for PBXNativeTarget "SportsLife" */ = {
			isa = XCConfigurationList;
			buildConfigurations = (
				7EFC38AF20DA2884005616D0 /* Debug */,
				7EFC38B020DA2884005616D0 /* Release */,
			);
			defaultConfigurationIsVisible = 0;
			defaultConfigurationName = Release;
		};
/* End XCConfigurationList section */
	};
	rootObject = 7EFC389420DA2884005616D0 /* Project object */;
}
